// !$*UTF8*$!
{
	archiveVersion = 1;
	classes = {
	};
	objectVersion = 50;
	objects = {

/* Begin PBXBuildFile section */
		991F04A6217CCFCC00BB31B6 /* AppDelegate.swift in Sources */ = {isa = PBXBuildFile; fileRef = 991F04A5217CCFCC00BB31B6 /* AppDelegate.swift */; };
		991F04A8217CCFCC00BB31B6 /* ViewController.swift in Sources */ = {isa = PBXBuildFile; fileRef = 991F04A7217CCFCC00BB31B6 /* ViewController.swift */; };
		991F04AB217CCFCC00BB31B6 /* Main.storyboard in Resources */ = {isa = PBXBuildFile; fileRef = 991F04A9217CCFCC00BB31B6 /* Main.storyboard */; };
		991F04AD217CCFCF00BB31B6 /* Assets.xcassets in Resources */ = {isa = PBXBuildFile; fileRef = 991F04AC217CCFCF00BB31B6 /* Assets.xcassets */; };
		991F04B0217CCFCF00BB31B6 /* LaunchScreen.storyboard in Resources */ = {isa = PBXBuildFile; fileRef = 991F04AE217CCFCF00BB31B6 /* LaunchScreen.storyboard */; };
		991F04BB217CCFCF00BB31B6 /* OperantAppTests.swift in Sources */ = {isa = PBXBuildFile; fileRef = 991F04BA217CCFCF00BB31B6 /* OperantAppTests.swift */; };
		991F04C6217CCFCF00BB31B6 /* OperantAppUITests.swift in Sources */ = {isa = PBXBuildFile; fileRef = 991F04C5217CCFCF00BB31B6 /* OperantAppUITests.swift */; };
		991F04D8217CDE8800BB31B6 /* OperantKit.framework in Frameworks */ = {isa = PBXBuildFile; fileRef = 991F04D5217CDE8700BB31B6 /* OperantKit.framework */; };
		991F04D9217CDE8800BB31B6 /* RxCocoa.framework in Frameworks */ = {isa = PBXBuildFile; fileRef = 991F04D6217CDE8700BB31B6 /* RxCocoa.framework */; };
		991F04DA217CDE8800BB31B6 /* RxSwift.framework in Frameworks */ = {isa = PBXBuildFile; fileRef = 991F04D7217CDE8700BB31B6 /* RxSwift.framework */; };
/* End PBXBuildFile section */

/* Begin PBXContainerItemProxy section */
		991F04B7217CCFCF00BB31B6 /* PBXContainerItemProxy */ = {
			isa = PBXContainerItemProxy;
			containerPortal = 991F049A217CCFCC00BB31B6 /* Project object */;
			proxyType = 1;
			remoteGlobalIDString = 991F04A1217CCFCC00BB31B6;
			remoteInfo = OperantApp;
		};
		991F04C2217CCFCF00BB31B6 /* PBXContainerItemProxy */ = {
			isa = PBXContainerItemProxy;
			containerPortal = 991F049A217CCFCC00BB31B6 /* Project object */;
			proxyType = 1;
			remoteGlobalIDString = 991F04A1217CCFCC00BB31B6;
			remoteInfo = OperantApp;
		};
/* End PBXContainerItemProxy section */

/* Begin PBXFileReference section */
		991F04A2217CCFCC00BB31B6 /* OperantApp.app */ = {isa = PBXFileReference; explicitFileType = wrapper.application; includeInIndex = 0; path = OperantApp.app; sourceTree = BUILT_PRODUCTS_DIR; };
		991F04A5217CCFCC00BB31B6 /* AppDelegate.swift */ = {isa = PBXFileReference; lastKnownFileType = sourcecode.swift; path = AppDelegate.swift; sourceTree = "<group>"; };
		991F04A7217CCFCC00BB31B6 /* ViewController.swift */ = {isa = PBXFileReference; lastKnownFileType = sourcecode.swift; path = ViewController.swift; sourceTree = "<group>"; };
		991F04AA217CCFCC00BB31B6 /* Base */ = {isa = PBXFileReference; lastKnownFileType = file.storyboard; name = Base; path = Base.lproj/Main.storyboard; sourceTree = "<group>"; };
		991F04AC217CCFCF00BB31B6 /* Assets.xcassets */ = {isa = PBXFileReference; lastKnownFileType = folder.assetcatalog; path = Assets.xcassets; sourceTree = "<group>"; };
		991F04AF217CCFCF00BB31B6 /* Base */ = {isa = PBXFileReference; lastKnownFileType = file.storyboard; name = Base; path = Base.lproj/LaunchScreen.storyboard; sourceTree = "<group>"; };
		991F04B1217CCFCF00BB31B6 /* Info.plist */ = {isa = PBXFileReference; lastKnownFileType = text.plist.xml; path = Info.plist; sourceTree = "<group>"; };
		991F04B6217CCFCF00BB31B6 /* OperantAppTests.xctest */ = {isa = PBXFileReference; explicitFileType = wrapper.cfbundle; includeInIndex = 0; path = OperantAppTests.xctest; sourceTree = BUILT_PRODUCTS_DIR; };
		991F04BA217CCFCF00BB31B6 /* OperantAppTests.swift */ = {isa = PBXFileReference; lastKnownFileType = sourcecode.swift; path = OperantAppTests.swift; sourceTree = "<group>"; };
		991F04BC217CCFCF00BB31B6 /* Info.plist */ = {isa = PBXFileReference; lastKnownFileType = text.plist.xml; path = Info.plist; sourceTree = "<group>"; };
		991F04C1217CCFCF00BB31B6 /* OperantAppUITests.xctest */ = {isa = PBXFileReference; explicitFileType = wrapper.cfbundle; includeInIndex = 0; path = OperantAppUITests.xctest; sourceTree = BUILT_PRODUCTS_DIR; };
		991F04C5217CCFCF00BB31B6 /* OperantAppUITests.swift */ = {isa = PBXFileReference; lastKnownFileType = sourcecode.swift; path = OperantAppUITests.swift; sourceTree = "<group>"; };
		991F04C7217CCFCF00BB31B6 /* Info.plist */ = {isa = PBXFileReference; lastKnownFileType = text.plist.xml; path = Info.plist; sourceTree = "<group>"; };
		991F04D5217CDE8700BB31B6 /* OperantKit.framework */ = {isa = PBXFileReference; lastKnownFileType = wrapper.framework; name = OperantKit.framework; path = Carthage/Build/iOS/OperantKit.framework; sourceTree = "<group>"; };
		991F04D6217CDE8700BB31B6 /* RxCocoa.framework */ = {isa = PBXFileReference; lastKnownFileType = wrapper.framework; name = RxCocoa.framework; path = Carthage/Build/iOS/RxCocoa.framework; sourceTree = "<group>"; };
		991F04D7217CDE8700BB31B6 /* RxSwift.framework */ = {isa = PBXFileReference; lastKnownFileType = wrapper.framework; name = RxSwift.framework; path = Carthage/Build/iOS/RxSwift.framework; sourceTree = "<group>"; };
/* End PBXFileReference section */

/* Begin PBXFrameworksBuildPhase section */
		991F049F217CCFCC00BB31B6 /* Frameworks */ = {
			isa = PBXFrameworksBuildPhase;
			buildActionMask = 2147483647;
			files = (
				991F04D8217CDE8800BB31B6 /* OperantKit.framework in Frameworks */,
				991F04D9217CDE8800BB31B6 /* RxCocoa.framework in Frameworks */,
				991F04DA217CDE8800BB31B6 /* RxSwift.framework in Frameworks */,
			);
			runOnlyForDeploymentPostprocessing = 0;
		};
		991F04B3217CCFCF00BB31B6 /* Frameworks */ = {
			isa = PBXFrameworksBuildPhase;
			buildActionMask = 2147483647;
			files = (
			);
			runOnlyForDeploymentPostprocessing = 0;
		};
		991F04BE217CCFCF00BB31B6 /* Frameworks */ = {
			isa = PBXFrameworksBuildPhase;
			buildActionMask = 2147483647;
			files = (
			);
			runOnlyForDeploymentPostprocessing = 0;
		};
/* End PBXFrameworksBuildPhase section */

/* Begin PBXGroup section */
		991F0499217CCFCC00BB31B6 = {
			isa = PBXGroup;
			children = (
				991F04A4217CCFCC00BB31B6 /* OperantApp */,
				991F04B9217CCFCF00BB31B6 /* OperantAppTests */,
				991F04C4217CCFCF00BB31B6 /* OperantAppUITests */,
				991F04A3217CCFCC00BB31B6 /* Products */,
				991F04D4217CDE8700BB31B6 /* Frameworks */,
			);
			sourceTree = "<group>";
		};
		991F04A3217CCFCC00BB31B6 /* Products */ = {
			isa = PBXGroup;
			children = (
				991F04A2217CCFCC00BB31B6 /* OperantApp.app */,
				991F04B6217CCFCF00BB31B6 /* OperantAppTests.xctest */,
				991F04C1217CCFCF00BB31B6 /* OperantAppUITests.xctest */,
			);
			name = Products;
			sourceTree = "<group>";
		};
		991F04A4217CCFCC00BB31B6 /* OperantApp */ = {
			isa = PBXGroup;
			children = (
				991F04A5217CCFCC00BB31B6 /* AppDelegate.swift */,
				991F04A7217CCFCC00BB31B6 /* ViewController.swift */,
				991F04A9217CCFCC00BB31B6 /* Main.storyboard */,
				991F04AC217CCFCF00BB31B6 /* Assets.xcassets */,
				991F04AE217CCFCF00BB31B6 /* LaunchScreen.storyboard */,
				991F04B1217CCFCF00BB31B6 /* Info.plist */,
			);
			path = OperantApp;
			sourceTree = "<group>";
		};
		991F04B9217CCFCF00BB31B6 /* OperantAppTests */ = {
			isa = PBXGroup;
			children = (
				991F04BA217CCFCF00BB31B6 /* OperantAppTests.swift */,
				991F04BC217CCFCF00BB31B6 /* Info.plist */,
			);
			path = OperantAppTests;
			sourceTree = "<group>";
		};
		991F04C4217CCFCF00BB31B6 /* OperantAppUITests */ = {
			isa = PBXGroup;
			children = (
				991F04C5217CCFCF00BB31B6 /* OperantAppUITests.swift */,
				991F04C7217CCFCF00BB31B6 /* Info.plist */,
			);
			path = OperantAppUITests;
			sourceTree = "<group>";
		};
		991F04D4217CDE8700BB31B6 /* Frameworks */ = {
			isa = PBXGroup;
			children = (
				991F04D5217CDE8700BB31B6 /* OperantKit.framework */,
				991F04D6217CDE8700BB31B6 /* RxCocoa.framework */,
				991F04D7217CDE8700BB31B6 /* RxSwift.framework */,
			);
			name = Frameworks;
			sourceTree = "<group>";
		};
/* End PBXGroup section */

/* Begin PBXNativeTarget section */
		991F04A1217CCFCC00BB31B6 /* OperantApp */ = {
			isa = PBXNativeTarget;
			buildConfigurationList = 991F04CA217CCFCF00BB31B6 /* Build configuration list for PBXNativeTarget "OperantApp" */;
			buildPhases = (
				991F049E217CCFCC00BB31B6 /* Sources */,
				991F049F217CCFCC00BB31B6 /* Frameworks */,
				991F04A0217CCFCC00BB31B6 /* Resources */,
				991F04DB217CDEB700BB31B6 /* ShellScript */,
			);
			buildRules = (
			);
			dependencies = (
			);
			name = OperantApp;
			productName = OperantApp;
			productReference = 991F04A2217CCFCC00BB31B6 /* OperantApp.app */;
			productType = "com.apple.product-type.application";
		};
		991F04B5217CCFCF00BB31B6 /* OperantAppTests */ = {
			isa = PBXNativeTarget;
			buildConfigurationList = 991F04CD217CCFCF00BB31B6 /* Build configuration list for PBXNativeTarget "OperantAppTests" */;
			buildPhases = (
				991F04B2217CCFCF00BB31B6 /* Sources */,
				991F04B3217CCFCF00BB31B6 /* Frameworks */,
				991F04B4217CCFCF00BB31B6 /* Resources */,
			);
			buildRules = (
			);
			dependencies = (
				991F04B8217CCFCF00BB31B6 /* PBXTargetDependency */,
			);
			name = OperantAppTests;
			productName = OperantAppTests;
			productReference = 991F04B6217CCFCF00BB31B6 /* OperantAppTests.xctest */;
			productType = "com.apple.product-type.bundle.unit-test";
		};
		991F04C0217CCFCF00BB31B6 /* OperantAppUITests */ = {
			isa = PBXNativeTarget;
			buildConfigurationList = 991F04D0217CCFCF00BB31B6 /* Build configuration list for PBXNativeTarget "OperantAppUITests" */;
			buildPhases = (
				991F04BD217CCFCF00BB31B6 /* Sources */,
				991F04BE217CCFCF00BB31B6 /* Frameworks */,
				991F04BF217CCFCF00BB31B6 /* Resources */,
			);
			buildRules = (
			);
			dependencies = (
				991F04C3217CCFCF00BB31B6 /* PBXTargetDependency */,
			);
			name = OperantAppUITests;
			productName = OperantAppUITests;
			productReference = 991F04C1217CCFCF00BB31B6 /* OperantAppUITests.xctest */;
			productType = "com.apple.product-type.bundle.ui-testing";
		};
/* End PBXNativeTarget section */

/* Begin PBXProject section */
		991F049A217CCFCC00BB31B6 /* Project object */ = {
			isa = PBXProject;
			attributes = {
				LastSwiftUpdateCheck = 1000;
				LastUpgradeCheck = 1000;
				ORGANIZATIONNAME = "Yuto Mizutani";
				TargetAttributes = {
					991F04A1217CCFCC00BB31B6 = {
						CreatedOnToolsVersion = 10.0;
					};
					991F04B5217CCFCF00BB31B6 = {
						CreatedOnToolsVersion = 10.0;
						TestTargetID = 991F04A1217CCFCC00BB31B6;
					};
					991F04C0217CCFCF00BB31B6 = {
						CreatedOnToolsVersion = 10.0;
						TestTargetID = 991F04A1217CCFCC00BB31B6;
					};
				};
			};
			buildConfigurationList = 991F049D217CCFCC00BB31B6 /* Build configuration list for PBXProject "OperantApp" */;
			compatibilityVersion = "Xcode 9.3";
			developmentRegion = en;
			hasScannedForEncodings = 0;
			knownRegions = (
				en,
				Base,
			);
			mainGroup = 991F0499217CCFCC00BB31B6;
			productRefGroup = 991F04A3217CCFCC00BB31B6 /* Products */;
			projectDirPath = "";
			projectRoot = "";
			targets = (
				991F04A1217CCFCC00BB31B6 /* OperantApp */,
				991F04B5217CCFCF00BB31B6 /* OperantAppTests */,
				991F04C0217CCFCF00BB31B6 /* OperantAppUITests */,
			);
		};
/* End PBXProject section */

/* Begin PBXResourcesBuildPhase section */
		991F04A0217CCFCC00BB31B6 /* Resources */ = {
			isa = PBXResourcesBuildPhase;
			buildActionMask = 2147483647;
			files = (
				991F04B0217CCFCF00BB31B6 /* LaunchScreen.storyboard in Resources */,
				991F04AD217CCFCF00BB31B6 /* Assets.xcassets in Resources */,
				991F04AB217CCFCC00BB31B6 /* Main.storyboard in Resources */,
			);
			runOnlyForDeploymentPostprocessing = 0;
		};
		991F04B4217CCFCF00BB31B6 /* Resources */ = {
			isa = PBXResourcesBuildPhase;
			buildActionMask = 2147483647;
			files = (
			);
			runOnlyForDeploymentPostprocessing = 0;
		};
		991F04BF217CCFCF00BB31B6 /* Resources */ = {
			isa = PBXResourcesBuildPhase;
			buildActionMask = 2147483647;
			files = (
			);
			runOnlyForDeploymentPostprocessing = 0;
		};
/* End PBXResourcesBuildPhase section */

/* Begin PBXShellScriptBuildPhase section */
		991F04DB217CDEB700BB31B6 /* ShellScript */ = {
			isa = PBXShellScriptBuildPhase;
			buildActionMask = 2147483647;
			files = (
			);
			inputFileListPaths = (
			);
			inputPaths = (
				"$(SRCROOT)/Carthage/Build/iOS/OperantKit.framework",
				"$(SRCROOT)/Carthage/Build/iOS/RxCocoa.framework",
				"$(SRCROOT)/Carthage/Build/iOS/RxSwift.framework",
			);
			outputFileListPaths = (
			);
			outputPaths = (
			);
			runOnlyForDeploymentPostprocessing = 0;
			shellPath = /bin/sh;
			shellScript = "/usr/local/bin/carthage copy-frameworks\n";
		};
/* End PBXShellScriptBuildPhase section */

/* Begin PBXSourcesBuildPhase section */
		991F049E217CCFCC00BB31B6 /* Sources */ = {
			isa = PBXSourcesBuildPhase;
			buildActionMask = 2147483647;
			files = (
				991F04A8217CCFCC00BB31B6 /* ViewController.swift in Sources */,
				991F04A6217CCFCC00BB31B6 /* AppDelegate.swift in Sources */,
			);
			runOnlyForDeploymentPostprocessing = 0;
		};
		991F04B2217CCFCF00BB31B6 /* Sources */ = {
			isa = PBXSourcesBuildPhase;
			buildActionMask = 2147483647;
			files = (
				991F04BB217CCFCF00BB31B6 /* OperantAppTests.swift in Sources */,
			);
			runOnlyForDeploymentPostprocessing = 0;
		};
		991F04BD217CCFCF00BB31B6 /* Sources */ = {
			isa = PBXSourcesBuildPhase;
			buildActionMask = 2147483647;
			files = (
				991F04C6217CCFCF00BB31B6 /* OperantAppUITests.swift in Sources */,
			);
			runOnlyForDeploymentPostprocessing = 0;
		};
/* End PBXSourcesBuildPhase section */

/* Begin PBXTargetDependency section */
		991F04B8217CCFCF00BB31B6 /* PBXTargetDependency */ = {
			isa = PBXTargetDependency;
			target = 991F04A1217CCFCC00BB31B6 /* OperantApp */;
			targetProxy = 991F04B7217CCFCF00BB31B6 /* PBXContainerItemProxy */;
		};
		991F04C3217CCFCF00BB31B6 /* PBXTargetDependency */ = {
			isa = PBXTargetDependency;
			target = 991F04A1217CCFCC00BB31B6 /* OperantApp */;
			targetProxy = 991F04C2217CCFCF00BB31B6 /* PBXContainerItemProxy */;
		};
/* End PBXTargetDependency section */

/* Begin PBXVariantGroup section */
		991F04A9217CCFCC00BB31B6 /* Main.storyboard */ = {
			isa = PBXVariantGroup;
			children = (
				991F04AA217CCFCC00BB31B6 /* Base */,
			);
			name = Main.storyboard;
			sourceTree = "<group>";
		};
		991F04AE217CCFCF00BB31B6 /* LaunchScreen.storyboard */ = {
			isa = PBXVariantGroup;
			children = (
				991F04AF217CCFCF00BB31B6 /* Base */,
			);
			name = LaunchScreen.storyboard;
			sourceTree = "<group>";
		};
/* End PBXVariantGroup section */

/* Begin XCBuildConfiguration section */
		991F04C8217CCFCF00BB31B6 /* Debug */ = {
			isa = XCBuildConfiguration;
			buildSettings = {
				ALWAYS_SEARCH_USER_PATHS = NO;
				CLANG_ANALYZER_NONNULL = YES;
				CLANG_ANALYZER_NUMBER_OBJECT_CONVERSION = YES_AGGRESSIVE;
				CLANG_CXX_LANGUAGE_STANDARD = "gnu++14";
				CLANG_CXX_LIBRARY = "libc++";
				CLANG_ENABLE_MODULES = YES;
				CLANG_ENABLE_OBJC_ARC = YES;
				CLANG_ENABLE_OBJC_WEAK = YES;
				CLANG_WARN_BLOCK_CAPTURE_AUTORELEASING = YES;
				CLANG_WARN_BOOL_CONVERSION = YES;
				CLANG_WARN_COMMA = YES;
				CLANG_WARN_CONSTANT_CONVERSION = YES;
				CLANG_WARN_DEPRECATED_OBJC_IMPLEMENTATIONS = YES;
				CLANG_WARN_DIRECT_OBJC_ISA_USAGE = YES_ERROR;
				CLANG_WARN_DOCUMENTATION_COMMENTS = YES;
				CLANG_WARN_EMPTY_BODY = YES;
				CLANG_WARN_ENUM_CONVERSION = YES;
				CLANG_WARN_INFINITE_RECURSION = YES;
				CLANG_WARN_INT_CONVERSION = YES;
				CLANG_WARN_NON_LITERAL_NULL_CONVERSION = YES;
				CLANG_WARN_OBJC_IMPLICIT_RETAIN_SELF = YES;
				CLANG_WARN_OBJC_LITERAL_CONVERSION = YES;
				CLANG_WARN_OBJC_ROOT_CLASS = YES_ERROR;
				CLANG_WARN_RANGE_LOOP_ANALYSIS = YES;
				CLANG_WARN_STRICT_PROTOTYPES = YES;
				CLANG_WARN_SUSPICIOUS_MOVE = YES;
				CLANG_WARN_UNGUARDED_AVAILABILITY = YES_AGGRESSIVE;
				CLANG_WARN_UNREACHABLE_CODE = YES;
				CLANG_WARN__DUPLICATE_METHOD_MATCH = YES;
				CODE_SIGN_IDENTITY = "iPhone Developer";
				COPY_PHASE_STRIP = NO;
				DEBUG_INFORMATION_FORMAT = dwarf;
				ENABLE_STRICT_OBJC_MSGSEND = YES;
				ENABLE_TESTABILITY = YES;
				GCC_C_LANGUAGE_STANDARD = gnu11;
				GCC_DYNAMIC_NO_PIC = NO;
				GCC_NO_COMMON_BLOCKS = YES;
				GCC_OPTIMIZATION_LEVEL = 0;
				GCC_PREPROCESSOR_DEFINITIONS = (
					"DEBUG=1",
					"$(inherited)",
				);
				GCC_WARN_64_TO_32_BIT_CONVERSION = YES;
				GCC_WARN_ABOUT_RETURN_TYPE = YES_ERROR;
				GCC_WARN_UNDECLARED_SELECTOR = YES;
				GCC_WARN_UNINITIALIZED_AUTOS = YES_AGGRESSIVE;
				GCC_WARN_UNUSED_FUNCTION = YES;
				GCC_WARN_UNUSED_VARIABLE = YES;
				IPHONEOS_DEPLOYMENT_TARGET = 12.0;
				MTL_ENABLE_DEBUG_INFO = INCLUDE_SOURCE;
				MTL_FAST_MATH = YES;
				ONLY_ACTIVE_ARCH = YES;
				SDKROOT = iphoneos;
				SWIFT_ACTIVE_COMPILATION_CONDITIONS = DEBUG;
				SWIFT_OPTIMIZATION_LEVEL = "-Onone";
			};
			name = Debug;
		};
		991F04C9217CCFCF00BB31B6 /* Release */ = {
			isa = XCBuildConfiguration;
			buildSettings = {
				ALWAYS_SEARCH_USER_PATHS = NO;
				CLANG_ANALYZER_NONNULL = YES;
				CLANG_ANALYZER_NUMBER_OBJECT_CONVERSION = YES_AGGRESSIVE;
				CLANG_CXX_LANGUAGE_STANDARD = "gnu++14";
				CLANG_CXX_LIBRARY = "libc++";
				CLANG_ENABLE_MODULES = YES;
				CLANG_ENABLE_OBJC_ARC = YES;
				CLANG_ENABLE_OBJC_WEAK = YES;
				CLANG_WARN_BLOCK_CAPTURE_AUTORELEASING = YES;
				CLANG_WARN_BOOL_CONVERSION = YES;
				CLANG_WARN_COMMA = YES;
				CLANG_WARN_CONSTANT_CONVERSION = YES;
				CLANG_WARN_DEPRECATED_OBJC_IMPLEMENTATIONS = YES;
				CLANG_WARN_DIRECT_OBJC_ISA_USAGE = YES_ERROR;
				CLANG_WARN_DOCUMENTATION_COMMENTS = YES;
				CLANG_WARN_EMPTY_BODY = YES;
				CLANG_WARN_ENUM_CONVERSION = YES;
				CLANG_WARN_INFINITE_RECURSION = YES;
				CLANG_WARN_INT_CONVERSION = YES;
				CLANG_WARN_NON_LITERAL_NULL_CONVERSION = YES;
				CLANG_WARN_OBJC_IMPLICIT_RETAIN_SELF = YES;
				CLANG_WARN_OBJC_LITERAL_CONVERSION = YES;
				CLANG_WARN_OBJC_ROOT_CLASS = YES_ERROR;
				CLANG_WARN_RANGE_LOOP_ANALYSIS = YES;
				CLANG_WARN_STRICT_PROTOTYPES = YES;
				CLANG_WARN_SUSPICIOUS_MOVE = YES;
				CLANG_WARN_UNGUARDED_AVAILABILITY = YES_AGGRESSIVE;
				CLANG_WARN_UNREACHABLE_CODE = YES;
				CLANG_WARN__DUPLICATE_METHOD_MATCH = YES;
				CODE_SIGN_IDENTITY = "iPhone Developer";
				COPY_PHASE_STRIP = NO;
				DEBUG_INFORMATION_FORMAT = "dwarf-with-dsym";
				ENABLE_NS_ASSERTIONS = NO;
				ENABLE_STRICT_OBJC_MSGSEND = YES;
				GCC_C_LANGUAGE_STANDARD = gnu11;
				GCC_NO_COMMON_BLOCKS = YES;
				GCC_WARN_64_TO_32_BIT_CONVERSION = YES;
				GCC_WARN_ABOUT_RETURN_TYPE = YES_ERROR;
				GCC_WARN_UNDECLARED_SELECTOR = YES;
				GCC_WARN_UNINITIALIZED_AUTOS = YES_AGGRESSIVE;
				GCC_WARN_UNUSED_FUNCTION = YES;
				GCC_WARN_UNUSED_VARIABLE = YES;
				IPHONEOS_DEPLOYMENT_TARGET = 12.0;
				MTL_ENABLE_DEBUG_INFO = NO;
				MTL_FAST_MATH = YES;
				SDKROOT = iphoneos;
				SWIFT_COMPILATION_MODE = wholemodule;
				SWIFT_OPTIMIZATION_LEVEL = "-O";
				VALIDATE_PRODUCT = YES;
			};
			name = Release;
		};
		991F04CB217CCFCF00BB31B6 /* Debug */ = {
			isa = XCBuildConfiguration;
			buildSettings = {
				ASSETCATALOG_COMPILER_APPICON_NAME = AppIcon;
				CODE_SIGN_STYLE = Automatic;
				DEVELOPMENT_TEAM = Y3FSN97W3M;
				FRAMEWORK_SEARCH_PATHS = (
					"$(inherited)",
					"$(PROJECT_DIR)/Carthage/Build/iOS",
				);
				INFOPLIST_FILE = OperantApp/Info.plist;
				LD_RUNPATH_SEARCH_PATHS = (
					"$(inherited)",
					"@executable_path/Frameworks",
				);
				PRODUCT_BUNDLE_IDENTIFIER = com.ym.OperantApp;
				PRODUCT_NAME = "$(TARGET_NAME)";
				SWIFT_VERSION = 4.2;
				TARGETED_DEVICE_FAMILY = "1,2";
			};
			name = Debug;
		};
		991F04CC217CCFCF00BB31B6 /* Release */ = {
			isa = XCBuildConfiguration;
			buildSettings = {
				ASSETCATALOG_COMPILER_APPICON_NAME = AppIcon;
				CODE_SIGN_STYLE = Automatic;
				DEVELOPMENT_TEAM = Y3FSN97W3M;
				FRAMEWORK_SEARCH_PATHS = (
					"$(inherited)",
					"$(PROJECT_DIR)/Carthage/Build/iOS",
				);
				INFOPLIST_FILE = OperantApp/Info.plist;
				LD_RUNPATH_SEARCH_PATHS = (
					"$(inherited)",
					"@executable_path/Frameworks",
				);
				PRODUCT_BUNDLE_IDENTIFIER = com.ym.OperantApp;
				PRODUCT_NAME = "$(TARGET_NAME)";
				SWIFT_VERSION = 4.2;
				TARGETED_DEVICE_FAMILY = "1,2";
			};
			name = Release;
		};
		991F04CE217CCFCF00BB31B6 /* Debug */ = {
			isa = XCBuildConfiguration;
			buildSettings = {
				ALWAYS_EMBED_SWIFT_STANDARD_LIBRARIES = YES;
				BUNDLE_LOADER = "$(TEST_HOST)";
				CODE_SIGN_STYLE = Automatic;
				DEVELOPMENT_TEAM = Y3FSN97W3M;
				INFOPLIST_FILE = OperantAppTests/Info.plist;
				LD_RUNPATH_SEARCH_PATHS = (
					"$(inherited)",
					"@executable_path/Frameworks",
					"@loader_path/Frameworks",
				);
				PRODUCT_BUNDLE_IDENTIFIER = com.ym.OperantAppTests;
				PRODUCT_NAME = "$(TARGET_NAME)";
				SWIFT_VERSION = 4.2;
				TARGETED_DEVICE_FAMILY = "1,2";
				TEST_HOST = "$(BUILT_PRODUCTS_DIR)/OperantApp.app/OperantApp";
			};
			name = Debug;
		};
		991F04CF217CCFCF00BB31B6 /* Release */ = {
			isa = XCBuildConfiguration;
			buildSettings = {
				ALWAYS_EMBED_SWIFT_STANDARD_LIBRARIES = YES;
				BUNDLE_LOADER = "$(TEST_HOST)";
				CODE_SIGN_STYLE = Automatic;
				DEVELOPMENT_TEAM = Y3FSN97W3M;
				INFOPLIST_FILE = OperantAppTests/Info.plist;
				LD_RUNPATH_SEARCH_PATHS = (
					"$(inherited)",
					"@executable_path/Frameworks",
					"@loader_path/Frameworks",
				);
				PRODUCT_BUNDLE_IDENTIFIER = com.ym.OperantAppTests;
				PRODUCT_NAME = "$(TARGET_NAME)";
				SWIFT_VERSION = 4.2;
				TARGETED_DEVICE_FAMILY = "1,2";
				TEST_HOST = "$(BUILT_PRODUCTS_DIR)/OperantApp.app/OperantApp";
			};
			name = Release;
		};
		991F04D1217CCFCF00BB31B6 /* Debug */ = {
			isa = XCBuildConfiguration;
			buildSettings = {
				ALWAYS_EMBED_SWIFT_STANDARD_LIBRARIES = YES;
				CODE_SIGN_STYLE = Automatic;
				DEVELOPMENT_TEAM = Y3FSN97W3M;
				INFOPLIST_FILE = OperantAppUITests/Info.plist;
				LD_RUNPATH_SEARCH_PATHS = (
					"$(inherited)",
					"@executable_path/Frameworks",
					"@loader_path/Frameworks",
				);
				PRODUCT_BUNDLE_IDENTIFIER = com.ym.OperantAppUITests;
				PRODUCT_NAME = "$(TARGET_NAME)";
				SWIFT_VERSION = 4.2;
				TARGETED_DEVICE_FAMILY = "1,2";
				TEST_TARGET_NAME = OperantApp;
			};
			name = Debug;
		};
		991F04D2217CCFCF00BB31B6 /* Release */ = {
			isa = XCBuildConfiguration;
			buildSettings = {
				ALWAYS_EMBED_SWIFT_STANDARD_LIBRARIES = YES;
				CODE_SIGN_STYLE = Automatic;
				DEVELOPMENT_TEAM = Y3FSN97W3M;
				INFOPLIST_FILE = OperantAppUITests/Info.plist;
				LD_RUNPATH_SEARCH_PATHS = (
					"$(inherited)",
					"@executable_path/Frameworks",
					"@loader_path/Frameworks",
				);
				PRODUCT_BUNDLE_IDENTIFIER = com.ym.OperantAppUITests;
				PRODUCT_NAME = "$(TARGET_NAME)";
				SWIFT_VERSION = 4.2;
				TARGETED_DEVICE_FAMILY = "1,2";
				TEST_TARGET_NAME = OperantApp;
			};
			name = Release;
		};
/* End XCBuildConfiguration section */

/* Begin XCConfigurationList section */
		991F049D217CCFCC00BB31B6 /* Build configuration list for PBXProject "OperantApp" */ = {
			isa = XCConfigurationList;
			buildConfigurations = (
				991F04C8217CCFCF00BB31B6 /* Debug */,
				991F04C9217CCFCF00BB31B6 /* Release */,
			);
			defaultConfigurationIsVisible = 0;
			defaultConfigurationName = Release;
		};
		991F04CA217CCFCF00BB31B6 /* Build configuration list for PBXNativeTarget "OperantApp" */ = {
			isa = XCConfigurationList;
			buildConfigurations = (
				991F04CB217CCFCF00BB31B6 /* Debug */,
				991F04CC217CCFCF00BB31B6 /* Release */,
			);
			defaultConfigurationIsVisible = 0;
			defaultConfigurationName = Release;
		};
		991F04CD217CCFCF00BB31B6 /* Build configuration list for PBXNativeTarget "OperantAppTests" */ = {
			isa = XCConfigurationList;
			buildConfigurations = (
				991F04CE217CCFCF00BB31B6 /* Debug */,
				991F04CF217CCFCF00BB31B6 /* Release */,
			);
			defaultConfigurationIsVisible = 0;
			defaultConfigurationName = Release;
		};
		991F04D0217CCFCF00BB31B6 /* Build configuration list for PBXNativeTarget "OperantAppUITests" */ = {
			isa = XCConfigurationList;
			buildConfigurations = (
				991F04D1217CCFCF00BB31B6 /* Debug */,
				991F04D2217CCFCF00BB31B6 /* Release */,
			);
			defaultConfigurationIsVisible = 0;
			defaultConfigurationName = Release;
		};
/* End XCConfigurationList section */
	};
	rootObject = 991F049A217CCFCC00BB31B6 /* Project object */;
}
