// !$*UTF8*$!
{
	archiveVersion = 1;
	classes = {
	};
	objectVersion = 46;
	objects = {

/* Begin PBXBuildFile section */
		9905000C2131705E008A6423 /* IntervalTimer.swift in Sources */ = {isa = PBXBuildFile; fileRef = 9905000B2131705E008A6423 /* IntervalTimer.swift */; };
		9905000D2131705E008A6423 /* IntervalTimer.swift in Sources */ = {isa = PBXBuildFile; fileRef = 9905000B2131705E008A6423 /* IntervalTimer.swift */; };
		991F053B217D47EB00BB31B6 /* Observable+Rx.swift in Sources */ = {isa = PBXBuildFile; fileRef = 991F053A217D47EB00BB31B6 /* Observable+Rx.swift */; };
		991F053C217D47ED00BB31B6 /* Observable+Rx.swift in Sources */ = {isa = PBXBuildFile; fileRef = 991F053A217D47EB00BB31B6 /* Observable+Rx.swift */; };
		99334342212969BA00744042 /* OperantKit.framework in Frameworks */ = {isa = PBXBuildFile; fileRef = 99334339212969B900744042 /* OperantKit.framework */; };
		9933435E212969E000744042 /* OperantKit.framework in Frameworks */ = {isa = PBXBuildFile; fileRef = 99334355212969E000744042 /* OperantKit.framework */; };
		9933437321296A6C00744042 /* OperantKitTests.swift in Sources */ = {isa = PBXBuildFile; fileRef = 9933436E21296A6C00744042 /* OperantKitTests.swift */; };
		9933437421296A6C00744042 /* OperantKitTests.swift in Sources */ = {isa = PBXBuildFile; fileRef = 9933436E21296A6C00744042 /* OperantKitTests.swift */; };
		9998170D212C355900D9F6E5 /* RxCocoa.framework in Frameworks */ = {isa = PBXBuildFile; fileRef = 9998170B212C355900D9F6E5 /* RxCocoa.framework */; };
		9998170E212C355900D9F6E5 /* RxSwift.framework in Frameworks */ = {isa = PBXBuildFile; fileRef = 9998170C212C355900D9F6E5 /* RxSwift.framework */; };
		99981711212C356E00D9F6E5 /* RxSwift.framework in Frameworks */ = {isa = PBXBuildFile; fileRef = 9998170F212C356E00D9F6E5 /* RxSwift.framework */; };
		99981712212C356E00D9F6E5 /* RxCocoa.framework in Frameworks */ = {isa = PBXBuildFile; fileRef = 99981710212C356E00D9F6E5 /* RxCocoa.framework */; };
		99981719212C35E300D9F6E5 /* RxBlocking.framework in Frameworks */ = {isa = PBXBuildFile; fileRef = 99981717212C35E300D9F6E5 /* RxBlocking.framework */; };
		9998171A212C35E300D9F6E5 /* RxTest.framework in Frameworks */ = {isa = PBXBuildFile; fileRef = 99981718212C35E300D9F6E5 /* RxTest.framework */; };
		9998171D212C35F000D9F6E5 /* RxBlocking.framework in Frameworks */ = {isa = PBXBuildFile; fileRef = 9998171B212C35F000D9F6E5 /* RxBlocking.framework */; };
		9998171E212C35F000D9F6E5 /* RxTest.framework in Frameworks */ = {isa = PBXBuildFile; fileRef = 9998171C212C35F000D9F6E5 /* RxTest.framework */; };
		9998171F212C35FE00D9F6E5 /* RxCocoa.framework in Frameworks */ = {isa = PBXBuildFile; fileRef = 99981710212C356E00D9F6E5 /* RxCocoa.framework */; };
		99981720212C35FE00D9F6E5 /* RxSwift.framework in Frameworks */ = {isa = PBXBuildFile; fileRef = 9998170F212C356E00D9F6E5 /* RxSwift.framework */; };
		99981721212C360F00D9F6E5 /* RxCocoa.framework in Frameworks */ = {isa = PBXBuildFile; fileRef = 9998170B212C355900D9F6E5 /* RxCocoa.framework */; };
		99981722212C360F00D9F6E5 /* RxSwift.framework in Frameworks */ = {isa = PBXBuildFile; fileRef = 9998170C212C355900D9F6E5 /* RxSwift.framework */; };
		999C51BC2134261B00611308 /* SessionEvents.swift in Sources */ = {isa = PBXBuildFile; fileRef = 999C51BB2134261B00611308 /* SessionEvents.swift */; };
		999C51BD2134261B00611308 /* SessionEvents.swift in Sources */ = {isa = PBXBuildFile; fileRef = 999C51BB2134261B00611308 /* SessionEvents.swift */; };
		999C7841218A907D0044C47E /* VR.swift in Sources */ = {isa = PBXBuildFile; fileRef = 999C783F218A907D0044C47E /* VR.swift */; };
		999C7842218A907D0044C47E /* VR.swift in Sources */ = {isa = PBXBuildFile; fileRef = 999C783F218A907D0044C47E /* VR.swift */; };
		999C7843218A907D0044C47E /* FR.swift in Sources */ = {isa = PBXBuildFile; fileRef = 999C7840218A907D0044C47E /* FR.swift */; };
		999C7844218A907D0044C47E /* FR.swift in Sources */ = {isa = PBXBuildFile; fileRef = 999C7840218A907D0044C47E /* FR.swift */; };
		999C7848218A91250044C47E /* ResponseEntity.swift in Sources */ = {isa = PBXBuildFile; fileRef = 999C7846218A91250044C47E /* ResponseEntity.swift */; };
		999C7849218A91250044C47E /* ResponseEntity.swift in Sources */ = {isa = PBXBuildFile; fileRef = 999C7846218A91250044C47E /* ResponseEntity.swift */; };
		999C784A218A91250044C47E /* ExperimentEntity.swift in Sources */ = {isa = PBXBuildFile; fileRef = 999C7847218A91250044C47E /* ExperimentEntity.swift */; };
		999C784B218A91250044C47E /* ExperimentEntity.swift in Sources */ = {isa = PBXBuildFile; fileRef = 999C7847218A91250044C47E /* ExperimentEntity.swift */; };
		999C7850218A917D0044C47E /* ReinforcementResult+Rx.swift in Sources */ = {isa = PBXBuildFile; fileRef = 999C784D218A917D0044C47E /* ReinforcementResult+Rx.swift */; };
		999C7851218A917D0044C47E /* ReinforcementResult+Rx.swift in Sources */ = {isa = PBXBuildFile; fileRef = 999C784D218A917D0044C47E /* ReinforcementResult+Rx.swift */; };
		999C7853218A91FC0044C47E /* ObservableType+.swift in Sources */ = {isa = PBXBuildFile; fileRef = 999C7852218A91FB0044C47E /* ObservableType+.swift */; };
		999C7854218A91FC0044C47E /* ObservableType+.swift in Sources */ = {isa = PBXBuildFile; fileRef = 999C7852218A91FB0044C47E /* ObservableType+.swift */; };
		999C785A218A9F7A0044C47E /* ReinforcementResult.swift in Sources */ = {isa = PBXBuildFile; fileRef = 999C7859218A9F7A0044C47E /* ReinforcementResult.swift */; };
		999C785B218A9F7A0044C47E /* ReinforcementResult.swift in Sources */ = {isa = PBXBuildFile; fileRef = 999C7859218A9F7A0044C47E /* ReinforcementResult.swift */; };
		999C785D218AA46D0044C47E /* EXT.swift in Sources */ = {isa = PBXBuildFile; fileRef = 999C785C218AA46D0044C47E /* EXT.swift */; };
		999C785E218AA46D0044C47E /* EXT.swift in Sources */ = {isa = PBXBuildFile; fileRef = 999C785C218AA46D0044C47E /* EXT.swift */; };
		999C7862218AA6130044C47E /* Helper.swift in Sources */ = {isa = PBXBuildFile; fileRef = 999C7861218AA6130044C47E /* Helper.swift */; };
		999C7863218AA6130044C47E /* Helper.swift in Sources */ = {isa = PBXBuildFile; fileRef = 999C7861218AA6130044C47E /* Helper.swift */; };
		999C7865218AAE5D0044C47E /* DecisionSchedule.swift in Sources */ = {isa = PBXBuildFile; fileRef = 999C7864218AAE5D0044C47E /* DecisionSchedule.swift */; };
		999C7866218AAE5D0044C47E /* DecisionSchedule.swift in Sources */ = {isa = PBXBuildFile; fileRef = 999C7864218AAE5D0044C47E /* DecisionSchedule.swift */; };
		999C7869218AEE920044C47E /* ScheduleType.swift in Sources */ = {isa = PBXBuildFile; fileRef = 999C7868218AEE920044C47E /* ScheduleType.swift */; };
		999C786A218AEE920044C47E /* ScheduleType.swift in Sources */ = {isa = PBXBuildFile; fileRef = 999C7868218AEE920044C47E /* ScheduleType.swift */; };
		999C786C218B01810044C47E /* PrepositionSchedule.swift in Sources */ = {isa = PBXBuildFile; fileRef = 999C786B218B01810044C47E /* PrepositionSchedule.swift */; };
		999C786D218B01810044C47E /* PrepositionSchedule.swift in Sources */ = {isa = PBXBuildFile; fileRef = 999C786B218B01810044C47E /* PrepositionSchedule.swift */; };
		999C786F218B02850044C47E /* PostpositionSchedule.swift in Sources */ = {isa = PBXBuildFile; fileRef = 999C786E218B02850044C47E /* PostpositionSchedule.swift */; };
		999C7870218B02850044C47E /* PostpositionSchedule.swift in Sources */ = {isa = PBXBuildFile; fileRef = 999C786E218B02850044C47E /* PostpositionSchedule.swift */; };
		999C7874218B11730044C47E /* ScheduleTypeTests.swift in Sources */ = {isa = PBXBuildFile; fileRef = 999C7871218B11710044C47E /* ScheduleTypeTests.swift */; };
		999C7875218B11740044C47E /* ScheduleTypeTests.swift in Sources */ = {isa = PBXBuildFile; fileRef = 999C7871218B11710044C47E /* ScheduleTypeTests.swift */; };
		999C7877218B35440044C47E /* FI.swift in Sources */ = {isa = PBXBuildFile; fileRef = 999C7876218B35440044C47E /* FI.swift */; };
		999C7878218B35440044C47E /* FI.swift in Sources */ = {isa = PBXBuildFile; fileRef = 999C7876218B35440044C47E /* FI.swift */; };
		999C787B218B357F0044C47E /* TimeUnit.swift in Sources */ = {isa = PBXBuildFile; fileRef = 999C787A218B357F0044C47E /* TimeUnit.swift */; };
		999C787C218B357F0044C47E /* TimeUnit.swift in Sources */ = {isa = PBXBuildFile; fileRef = 999C787A218B357F0044C47E /* TimeUnit.swift */; };
		999C7883218B3E8C0044C47E /* IntervalTimerUseCase.swift in Sources */ = {isa = PBXBuildFile; fileRef = 999C7882218B3E8C0044C47E /* IntervalTimerUseCase.swift */; };
		999C7884218B3E8C0044C47E /* IntervalTimerUseCase.swift in Sources */ = {isa = PBXBuildFile; fileRef = 999C7882218B3E8C0044C47E /* IntervalTimerUseCase.swift */; };
		999C7888218B43B10044C47E /* UIApplication+Rx.swift in Sources */ = {isa = PBXBuildFile; fileRef = 999C7887218B43B10044C47E /* UIApplication+Rx.swift */; };
		999C7889218B43B10044C47E /* UIApplication+Rx.swift in Sources */ = {isa = PBXBuildFile; fileRef = 999C7887218B43B10044C47E /* UIApplication+Rx.swift */; };
		999C788B218B441E0044C47E /* UIViewController+Rx.swift in Sources */ = {isa = PBXBuildFile; fileRef = 999C788A218B441E0044C47E /* UIViewController+Rx.swift */; };
		999C788C218B441E0044C47E /* UIViewController+Rx.swift in Sources */ = {isa = PBXBuildFile; fileRef = 999C788A218B441E0044C47E /* UIViewController+Rx.swift */; };
		999C7899218C2F0C0044C47E /* ScheduleUseCase.swift in Sources */ = {isa = PBXBuildFile; fileRef = 999C7898218C2F0C0044C47E /* ScheduleUseCase.swift */; };
		999C789A218C2F0C0044C47E /* ScheduleUseCase.swift in Sources */ = {isa = PBXBuildFile; fileRef = 999C7898218C2F0C0044C47E /* ScheduleUseCase.swift */; };
		999C789C218C2FE80044C47E /* FixedRatioScheduleUseCase.swift in Sources */ = {isa = PBXBuildFile; fileRef = 999C789B218C2FE80044C47E /* FixedRatioScheduleUseCase.swift */; };
		999C789D218C2FE80044C47E /* FixedRatioScheduleUseCase.swift in Sources */ = {isa = PBXBuildFile; fileRef = 999C789B218C2FE80044C47E /* FixedRatioScheduleUseCase.swift */; };
		999C78A1218C31020044C47E /* FixedResponseDataStore.swift in Sources */ = {isa = PBXBuildFile; fileRef = 999C78A0218C31020044C47E /* FixedResponseDataStore.swift */; };
		999C78A2218C31020044C47E /* FixedResponseDataStore.swift in Sources */ = {isa = PBXBuildFile; fileRef = 999C78A0218C31020044C47E /* FixedResponseDataStore.swift */; };
		999C78A4218C44350044C47E /* ExtinctionScheduleUseCase.swift in Sources */ = {isa = PBXBuildFile; fileRef = 999C78A3218C44350044C47E /* ExtinctionScheduleUseCase.swift */; };
		999C78A5218C44350044C47E /* ExtinctionScheduleUseCase.swift in Sources */ = {isa = PBXBuildFile; fileRef = 999C78A3218C44350044C47E /* ExtinctionScheduleUseCase.swift */; };
		999C78A7218C50480044C47E /* VariableResponseDataStore.swift in Sources */ = {isa = PBXBuildFile; fileRef = 999C78A6218C50480044C47E /* VariableResponseDataStore.swift */; };
		999C78A8218C50480044C47E /* VariableResponseDataStore.swift in Sources */ = {isa = PBXBuildFile; fileRef = 999C78A6218C50480044C47E /* VariableResponseDataStore.swift */; };
		999C78AA218C53980044C47E /* VariableRatioScheduleUseCase.swift in Sources */ = {isa = PBXBuildFile; fileRef = 999C78A9218C53980044C47E /* VariableRatioScheduleUseCase.swift */; };
		999C78AB218C53980044C47E /* VariableRatioScheduleUseCase.swift in Sources */ = {isa = PBXBuildFile; fileRef = 999C78A9218C53980044C47E /* VariableRatioScheduleUseCase.swift */; };
		999C78AD218C5C520044C47E /* VariableEntity.swift in Sources */ = {isa = PBXBuildFile; fileRef = 999C78AC218C5C520044C47E /* VariableEntity.swift */; };
		999C78AE218C5C520044C47E /* VariableEntity.swift in Sources */ = {isa = PBXBuildFile; fileRef = 999C78AC218C5C520044C47E /* VariableEntity.swift */; };
		999C78B0218C5DCC0044C47E /* FixedEntity.swift in Sources */ = {isa = PBXBuildFile; fileRef = 999C78AF218C5DCC0044C47E /* FixedEntity.swift */; };
		999C78B1218C5DCC0044C47E /* FixedEntity.swift in Sources */ = {isa = PBXBuildFile; fileRef = 999C78AF218C5DCC0044C47E /* FixedEntity.swift */; };
		999C78B4218C5E630044C47E /* ScheduleParameter.swift in Sources */ = {isa = PBXBuildFile; fileRef = 999C78B3218C5E630044C47E /* ScheduleParameter.swift */; };
		999C78B5218C5E630044C47E /* ScheduleParameter.swift in Sources */ = {isa = PBXBuildFile; fileRef = 999C78B3218C5E630044C47E /* ScheduleParameter.swift */; };
		999C78BB218D62D80044C47E /* FixedIntervalScheduleUseCase.swift in Sources */ = {isa = PBXBuildFile; fileRef = 999C78BA218D62D80044C47E /* FixedIntervalScheduleUseCase.swift */; };
		999C78BC218D62D80044C47E /* FixedIntervalScheduleUseCase.swift in Sources */ = {isa = PBXBuildFile; fileRef = 999C78BA218D62D80044C47E /* FixedIntervalScheduleUseCase.swift */; };
		999C78C2218D63660044C47E /* FixedIntervalScheduleTests.swift in Sources */ = {isa = PBXBuildFile; fileRef = 999C78BF218D63610044C47E /* FixedIntervalScheduleTests.swift */; };
		999C78C3218D63680044C47E /* FixedIntervalScheduleTests.swift in Sources */ = {isa = PBXBuildFile; fileRef = 999C78BF218D63610044C47E /* FixedIntervalScheduleTests.swift */; };
		999C78C5218D67060044C47E /* VI.swift in Sources */ = {isa = PBXBuildFile; fileRef = 999C78C4218D67060044C47E /* VI.swift */; };
		999C78C6218D67060044C47E /* VI.swift in Sources */ = {isa = PBXBuildFile; fileRef = 999C78C4218D67060044C47E /* VI.swift */; };
		999C78C8218D67A80044C47E /* VariableIntervalScheduleUseCase.swift in Sources */ = {isa = PBXBuildFile; fileRef = 999C78C7218D67A80044C47E /* VariableIntervalScheduleUseCase.swift */; };
		999C78C9218D67A80044C47E /* VariableIntervalScheduleUseCase.swift in Sources */ = {isa = PBXBuildFile; fileRef = 999C78C7218D67A80044C47E /* VariableIntervalScheduleUseCase.swift */; };
		999C78CB218D692D0044C47E /* VariableIntervalScheduleTests.swift in Sources */ = {isa = PBXBuildFile; fileRef = 999C78CA218D692D0044C47E /* VariableIntervalScheduleTests.swift */; };
		999C78CC218D692D0044C47E /* VariableIntervalScheduleTests.swift in Sources */ = {isa = PBXBuildFile; fileRef = 999C78CA218D692D0044C47E /* VariableIntervalScheduleTests.swift */; };
		99AF347F217A357000B7A332 /* FleshlerHoffman.swift in Sources */ = {isa = PBXBuildFile; fileRef = 99AF347E217A357000B7A332 /* FleshlerHoffman.swift */; };
		99AF3480217A357000B7A332 /* FleshlerHoffman.swift in Sources */ = {isa = PBXBuildFile; fileRef = 99AF347E217A357000B7A332 /* FleshlerHoffman.swift */; };
		99AF3483217A35BA00B7A332 /* Xorshift.swift in Sources */ = {isa = PBXBuildFile; fileRef = 99AF3482217A35BA00B7A332 /* Xorshift.swift */; };
		99AF3484217A35BA00B7A332 /* Xorshift.swift in Sources */ = {isa = PBXBuildFile; fileRef = 99AF3482217A35BA00B7A332 /* Xorshift.swift */; };
		99AF3486217A391C00B7A332 /* FleshlerHoffmanTests.swift in Sources */ = {isa = PBXBuildFile; fileRef = 99AF3485217A391C00B7A332 /* FleshlerHoffmanTests.swift */; };
		99AF3487217A391C00B7A332 /* FleshlerHoffmanTests.swift in Sources */ = {isa = PBXBuildFile; fileRef = 99AF3485217A391C00B7A332 /* FleshlerHoffmanTests.swift */; };
		99AF34A6217A493C00B7A332 /* ExtinctionScheduleTests.swift in Sources */ = {isa = PBXBuildFile; fileRef = 99AF34A5217A493B00B7A332 /* ExtinctionScheduleTests.swift */; };
		99AF34A7217A493C00B7A332 /* ExtinctionScheduleTests.swift in Sources */ = {isa = PBXBuildFile; fileRef = 99AF34A5217A493B00B7A332 /* ExtinctionScheduleTests.swift */; };
		99AF34A9217A49CD00B7A332 /* FixedRatioScheduleTests.swift in Sources */ = {isa = PBXBuildFile; fileRef = 99AF34A8217A49CD00B7A332 /* FixedRatioScheduleTests.swift */; };
		99AF34AA217A49CD00B7A332 /* FixedRatioScheduleTests.swift in Sources */ = {isa = PBXBuildFile; fileRef = 99AF34A8217A49CD00B7A332 /* FixedRatioScheduleTests.swift */; };
		99AF34AC217A4D4B00B7A332 /* VariableRatioScheduleTests.swift in Sources */ = {isa = PBXBuildFile; fileRef = 99AF34AB217A4D4B00B7A332 /* VariableRatioScheduleTests.swift */; };
		99AF34AD217A4D4B00B7A332 /* VariableRatioScheduleTests.swift in Sources */ = {isa = PBXBuildFile; fileRef = 99AF34AB217A4D4B00B7A332 /* VariableRatioScheduleTests.swift */; };
		99AF350F217B0C6D00B7A332 /* RandomGenerator.swift in Sources */ = {isa = PBXBuildFile; fileRef = 99AF350E217B0C6C00B7A332 /* RandomGenerator.swift */; };
		99AF3510217B0C6D00B7A332 /* RandomGenerator.swift in Sources */ = {isa = PBXBuildFile; fileRef = 99AF350E217B0C6C00B7A332 /* RandomGenerator.swift */; };
		99ECE8F0212972EC001510BF /* OperantKit.swift in Sources */ = {isa = PBXBuildFile; fileRef = 99ECE8ED212972EC001510BF /* OperantKit.swift */; };
		99ECE8F1212972EC001510BF /* OperantKit.swift in Sources */ = {isa = PBXBuildFile; fileRef = 99ECE8ED212972EC001510BF /* OperantKit.swift */; };
/* End PBXBuildFile section */

/* Begin PBXContainerItemProxy section */
		99334343212969BA00744042 /* PBXContainerItemProxy */ = {
			isa = PBXContainerItemProxy;
			containerPortal = OBJ_1 /* Project object */;
			proxyType = 1;
			remoteGlobalIDString = 99334338212969B900744042;
			remoteInfo = "OperantKit iOS";
		};
		9933435F212969E000744042 /* PBXContainerItemProxy */ = {
			isa = PBXContainerItemProxy;
			containerPortal = OBJ_1 /* Project object */;
			proxyType = 1;
			remoteGlobalIDString = 99334354212969E000744042;
			remoteInfo = "OperantKit macOS";
		};
/* End PBXContainerItemProxy section */

/* Begin PBXFileReference section */
		9905000B2131705E008A6423 /* IntervalTimer.swift */ = {isa = PBXFileReference; lastKnownFileType = sourcecode.swift; path = IntervalTimer.swift; sourceTree = "<group>"; };
		991F053A217D47EB00BB31B6 /* Observable+Rx.swift */ = {isa = PBXFileReference; lastKnownFileType = sourcecode.swift; path = "Observable+Rx.swift"; sourceTree = "<group>"; };
		99334339212969B900744042 /* OperantKit.framework */ = {isa = PBXFileReference; explicitFileType = wrapper.framework; includeInIndex = 0; path = OperantKit.framework; sourceTree = BUILT_PRODUCTS_DIR; };
		99334341212969BA00744042 /* OperantKit iOSTests.xctest */ = {isa = PBXFileReference; explicitFileType = wrapper.cfbundle; includeInIndex = 0; path = "OperantKit iOSTests.xctest"; sourceTree = BUILT_PRODUCTS_DIR; };
		99334355212969E000744042 /* OperantKit.framework */ = {isa = PBXFileReference; explicitFileType = wrapper.framework; includeInIndex = 0; path = OperantKit.framework; sourceTree = BUILT_PRODUCTS_DIR; };
		9933435D212969E000744042 /* OperantKit macOSTests.xctest */ = {isa = PBXFileReference; explicitFileType = wrapper.cfbundle; includeInIndex = 0; path = "OperantKit macOSTests.xctest"; sourceTree = BUILT_PRODUCTS_DIR; };
		9933436E21296A6C00744042 /* OperantKitTests.swift */ = {isa = PBXFileReference; fileEncoding = 4; lastKnownFileType = sourcecode.swift; path = OperantKitTests.swift; sourceTree = "<group>"; };
		9933437E21296A9A00744042 /* Info.plist */ = {isa = PBXFileReference; fileEncoding = 4; lastKnownFileType = text.plist.xml; path = Info.plist; sourceTree = "<group>"; };
		994FFF5D212C2918000F4702 /* Info.plist */ = {isa = PBXFileReference; fileEncoding = 4; lastKnownFileType = text.plist.xml; name = Info.plist; path = Sources/Info.plist; sourceTree = "<group>"; };
		9998170B212C355900D9F6E5 /* RxCocoa.framework */ = {isa = PBXFileReference; lastKnownFileType = wrapper.framework; name = RxCocoa.framework; path = Carthage/Build/Mac/RxCocoa.framework; sourceTree = "<group>"; };
		9998170C212C355900D9F6E5 /* RxSwift.framework */ = {isa = PBXFileReference; lastKnownFileType = wrapper.framework; name = RxSwift.framework; path = Carthage/Build/Mac/RxSwift.framework; sourceTree = "<group>"; };
		9998170F212C356E00D9F6E5 /* RxSwift.framework */ = {isa = PBXFileReference; lastKnownFileType = wrapper.framework; name = RxSwift.framework; path = Carthage/Build/iOS/RxSwift.framework; sourceTree = "<group>"; };
		99981710212C356E00D9F6E5 /* RxCocoa.framework */ = {isa = PBXFileReference; lastKnownFileType = wrapper.framework; name = RxCocoa.framework; path = Carthage/Build/iOS/RxCocoa.framework; sourceTree = "<group>"; };
		99981717212C35E300D9F6E5 /* RxBlocking.framework */ = {isa = PBXFileReference; lastKnownFileType = wrapper.framework; name = RxBlocking.framework; path = Carthage/Build/Mac/RxBlocking.framework; sourceTree = SOURCE_ROOT; };
		99981718212C35E300D9F6E5 /* RxTest.framework */ = {isa = PBXFileReference; lastKnownFileType = wrapper.framework; name = RxTest.framework; path = Carthage/Build/Mac/RxTest.framework; sourceTree = SOURCE_ROOT; };
		9998171B212C35F000D9F6E5 /* RxBlocking.framework */ = {isa = PBXFileReference; lastKnownFileType = wrapper.framework; name = RxBlocking.framework; path = Carthage/Build/iOS/RxBlocking.framework; sourceTree = SOURCE_ROOT; };
		9998171C212C35F000D9F6E5 /* RxTest.framework */ = {isa = PBXFileReference; lastKnownFileType = wrapper.framework; name = RxTest.framework; path = Carthage/Build/iOS/RxTest.framework; sourceTree = SOURCE_ROOT; };
		999C51BB2134261B00611308 /* SessionEvents.swift */ = {isa = PBXFileReference; lastKnownFileType = sourcecode.swift; path = SessionEvents.swift; sourceTree = "<group>"; };
		999C783F218A907D0044C47E /* VR.swift */ = {isa = PBXFileReference; fileEncoding = 4; lastKnownFileType = sourcecode.swift; path = VR.swift; sourceTree = "<group>"; };
		999C7840218A907D0044C47E /* FR.swift */ = {isa = PBXFileReference; fileEncoding = 4; lastKnownFileType = sourcecode.swift; path = FR.swift; sourceTree = "<group>"; };
		999C7846218A91250044C47E /* ResponseEntity.swift */ = {isa = PBXFileReference; fileEncoding = 4; lastKnownFileType = sourcecode.swift; path = ResponseEntity.swift; sourceTree = "<group>"; };
		999C7847218A91250044C47E /* ExperimentEntity.swift */ = {isa = PBXFileReference; fileEncoding = 4; lastKnownFileType = sourcecode.swift; path = ExperimentEntity.swift; sourceTree = "<group>"; };
		999C784D218A917D0044C47E /* ReinforcementResult+Rx.swift */ = {isa = PBXFileReference; lastKnownFileType = sourcecode.swift; path = "ReinforcementResult+Rx.swift"; sourceTree = "<group>"; };
		999C7852218A91FB0044C47E /* ObservableType+.swift */ = {isa = PBXFileReference; lastKnownFileType = sourcecode.swift; path = "ObservableType+.swift"; sourceTree = "<group>"; };
		999C7859218A9F7A0044C47E /* ReinforcementResult.swift */ = {isa = PBXFileReference; lastKnownFileType = sourcecode.swift; path = ReinforcementResult.swift; sourceTree = "<group>"; };
		999C785C218AA46D0044C47E /* EXT.swift */ = {isa = PBXFileReference; lastKnownFileType = sourcecode.swift; path = EXT.swift; sourceTree = "<group>"; };
		999C7861218AA6130044C47E /* Helper.swift */ = {isa = PBXFileReference; lastKnownFileType = sourcecode.swift; path = Helper.swift; sourceTree = "<group>"; };
		999C7864218AAE5D0044C47E /* DecisionSchedule.swift */ = {isa = PBXFileReference; lastKnownFileType = sourcecode.swift; path = DecisionSchedule.swift; sourceTree = "<group>"; };
		999C7868218AEE920044C47E /* ScheduleType.swift */ = {isa = PBXFileReference; lastKnownFileType = sourcecode.swift; path = ScheduleType.swift; sourceTree = "<group>"; };
		999C786B218B01810044C47E /* PrepositionSchedule.swift */ = {isa = PBXFileReference; lastKnownFileType = sourcecode.swift; path = PrepositionSchedule.swift; sourceTree = "<group>"; };
		999C786E218B02850044C47E /* PostpositionSchedule.swift */ = {isa = PBXFileReference; lastKnownFileType = sourcecode.swift; path = PostpositionSchedule.swift; sourceTree = "<group>"; };
		999C7871218B11710044C47E /* ScheduleTypeTests.swift */ = {isa = PBXFileReference; lastKnownFileType = sourcecode.swift; path = ScheduleTypeTests.swift; sourceTree = "<group>"; };
		999C7876218B35440044C47E /* FI.swift */ = {isa = PBXFileReference; lastKnownFileType = sourcecode.swift; path = FI.swift; sourceTree = "<group>"; };
		999C787A218B357F0044C47E /* TimeUnit.swift */ = {isa = PBXFileReference; lastKnownFileType = sourcecode.swift; path = TimeUnit.swift; sourceTree = "<group>"; };
		999C7882218B3E8C0044C47E /* IntervalTimerUseCase.swift */ = {isa = PBXFileReference; lastKnownFileType = sourcecode.swift; path = IntervalTimerUseCase.swift; sourceTree = "<group>"; };
		999C7887218B43B10044C47E /* UIApplication+Rx.swift */ = {isa = PBXFileReference; lastKnownFileType = sourcecode.swift; path = "UIApplication+Rx.swift"; sourceTree = "<group>"; };
		999C788A218B441E0044C47E /* UIViewController+Rx.swift */ = {isa = PBXFileReference; lastKnownFileType = sourcecode.swift; path = "UIViewController+Rx.swift"; sourceTree = "<group>"; };
		999C7898218C2F0C0044C47E /* ScheduleUseCase.swift */ = {isa = PBXFileReference; lastKnownFileType = sourcecode.swift; path = ScheduleUseCase.swift; sourceTree = "<group>"; };
		999C789B218C2FE80044C47E /* FixedRatioScheduleUseCase.swift */ = {isa = PBXFileReference; lastKnownFileType = sourcecode.swift; path = FixedRatioScheduleUseCase.swift; sourceTree = "<group>"; };
		999C78A0218C31020044C47E /* FixedResponseDataStore.swift */ = {isa = PBXFileReference; lastKnownFileType = sourcecode.swift; path = FixedResponseDataStore.swift; sourceTree = "<group>"; };
		999C78A3218C44350044C47E /* ExtinctionScheduleUseCase.swift */ = {isa = PBXFileReference; lastKnownFileType = sourcecode.swift; path = ExtinctionScheduleUseCase.swift; sourceTree = "<group>"; };
		999C78A6218C50480044C47E /* VariableResponseDataStore.swift */ = {isa = PBXFileReference; lastKnownFileType = sourcecode.swift; path = VariableResponseDataStore.swift; sourceTree = "<group>"; };
		999C78A9218C53980044C47E /* VariableRatioScheduleUseCase.swift */ = {isa = PBXFileReference; lastKnownFileType = sourcecode.swift; path = VariableRatioScheduleUseCase.swift; sourceTree = "<group>"; };
		999C78AC218C5C520044C47E /* VariableEntity.swift */ = {isa = PBXFileReference; lastKnownFileType = sourcecode.swift; path = VariableEntity.swift; sourceTree = "<group>"; };
		999C78AF218C5DCC0044C47E /* FixedEntity.swift */ = {isa = PBXFileReference; lastKnownFileType = sourcecode.swift; path = FixedEntity.swift; sourceTree = "<group>"; };
		999C78B3218C5E630044C47E /* ScheduleParameter.swift */ = {isa = PBXFileReference; lastKnownFileType = sourcecode.swift; path = ScheduleParameter.swift; sourceTree = "<group>"; };
		999C78BA218D62D80044C47E /* FixedIntervalScheduleUseCase.swift */ = {isa = PBXFileReference; lastKnownFileType = sourcecode.swift; path = FixedIntervalScheduleUseCase.swift; sourceTree = "<group>"; };
		999C78BF218D63610044C47E /* FixedIntervalScheduleTests.swift */ = {isa = PBXFileReference; lastKnownFileType = sourcecode.swift; path = FixedIntervalScheduleTests.swift; sourceTree = "<group>"; };
		999C78C4218D67060044C47E /* VI.swift */ = {isa = PBXFileReference; lastKnownFileType = sourcecode.swift; path = VI.swift; sourceTree = "<group>"; };
		999C78C7218D67A80044C47E /* VariableIntervalScheduleUseCase.swift */ = {isa = PBXFileReference; lastKnownFileType = sourcecode.swift; path = VariableIntervalScheduleUseCase.swift; sourceTree = "<group>"; };
		999C78CA218D692D0044C47E /* VariableIntervalScheduleTests.swift */ = {isa = PBXFileReference; lastKnownFileType = sourcecode.swift; path = VariableIntervalScheduleTests.swift; sourceTree = "<group>"; };
		99AF347E217A357000B7A332 /* FleshlerHoffman.swift */ = {isa = PBXFileReference; lastKnownFileType = sourcecode.swift; path = FleshlerHoffman.swift; sourceTree = "<group>"; };
		99AF3482217A35BA00B7A332 /* Xorshift.swift */ = {isa = PBXFileReference; lastKnownFileType = sourcecode.swift; path = Xorshift.swift; sourceTree = "<group>"; };
		99AF3485217A391C00B7A332 /* FleshlerHoffmanTests.swift */ = {isa = PBXFileReference; lastKnownFileType = sourcecode.swift; path = FleshlerHoffmanTests.swift; sourceTree = "<group>"; };
		99AF34A5217A493B00B7A332 /* ExtinctionScheduleTests.swift */ = {isa = PBXFileReference; lastKnownFileType = sourcecode.swift; path = ExtinctionScheduleTests.swift; sourceTree = "<group>"; };
		99AF34A8217A49CD00B7A332 /* FixedRatioScheduleTests.swift */ = {isa = PBXFileReference; lastKnownFileType = sourcecode.swift; path = FixedRatioScheduleTests.swift; sourceTree = "<group>"; };
		99AF34AB217A4D4B00B7A332 /* VariableRatioScheduleTests.swift */ = {isa = PBXFileReference; lastKnownFileType = sourcecode.swift; path = VariableRatioScheduleTests.swift; sourceTree = "<group>"; };
		99AF350E217B0C6C00B7A332 /* RandomGenerator.swift */ = {isa = PBXFileReference; lastKnownFileType = sourcecode.swift; path = RandomGenerator.swift; sourceTree = "<group>"; };
		99ECE8ED212972EC001510BF /* OperantKit.swift */ = {isa = PBXFileReference; fileEncoding = 4; lastKnownFileType = sourcecode.swift; path = OperantKit.swift; sourceTree = "<group>"; };
		OBJ_6 /* Package.swift */ = {isa = PBXFileReference; explicitFileType = sourcecode.swift; path = Package.swift; sourceTree = "<group>"; };
/* End PBXFileReference section */

/* Begin PBXFrameworksBuildPhase section */
		99334335212969B900744042 /* Frameworks */ = {
			isa = PBXFrameworksBuildPhase;
			buildActionMask = 2147483647;
			files = (
				99981712212C356E00D9F6E5 /* RxCocoa.framework in Frameworks */,
				99981711212C356E00D9F6E5 /* RxSwift.framework in Frameworks */,
			);
			runOnlyForDeploymentPostprocessing = 0;
		};
		9933433E212969BA00744042 /* Frameworks */ = {
			isa = PBXFrameworksBuildPhase;
			buildActionMask = 2147483647;
			files = (
				99334342212969BA00744042 /* OperantKit.framework in Frameworks */,
				9998171F212C35FE00D9F6E5 /* RxCocoa.framework in Frameworks */,
				99981720212C35FE00D9F6E5 /* RxSwift.framework in Frameworks */,
				9998171D212C35F000D9F6E5 /* RxBlocking.framework in Frameworks */,
				9998171E212C35F000D9F6E5 /* RxTest.framework in Frameworks */,
			);
			runOnlyForDeploymentPostprocessing = 0;
		};
		99334351212969E000744042 /* Frameworks */ = {
			isa = PBXFrameworksBuildPhase;
			buildActionMask = 2147483647;
			files = (
				9998170E212C355900D9F6E5 /* RxSwift.framework in Frameworks */,
				9998170D212C355900D9F6E5 /* RxCocoa.framework in Frameworks */,
			);
			runOnlyForDeploymentPostprocessing = 0;
		};
		9933435A212969E000744042 /* Frameworks */ = {
			isa = PBXFrameworksBuildPhase;
			buildActionMask = 2147483647;
			files = (
				9933435E212969E000744042 /* OperantKit.framework in Frameworks */,
				99981721212C360F00D9F6E5 /* RxCocoa.framework in Frameworks */,
				99981722212C360F00D9F6E5 /* RxSwift.framework in Frameworks */,
				99981719212C35E300D9F6E5 /* RxBlocking.framework in Frameworks */,
				9998171A212C35E300D9F6E5 /* RxTest.framework in Frameworks */,
			);
			runOnlyForDeploymentPostprocessing = 0;
		};
/* End PBXFrameworksBuildPhase section */

/* Begin PBXGroup section */
		994FFF5B212C27B3000F4702 /* Supporting Files */ = {
			isa = PBXGroup;
			children = (
				994FFF5D212C2918000F4702 /* Info.plist */,
			);
			name = "Supporting Files";
			sourceTree = "<group>";
		};
		994FFF5C212C2856000F4702 /* Supporting Files */ = {
			isa = PBXGroup;
			children = (
				9933437E21296A9A00744042 /* Info.plist */,
			);
			name = "Supporting Files";
			sourceTree = "<group>";
		};
		99981705212C34D100D9F6E5 /* Frameworks */ = {
			isa = PBXGroup;
			children = (
				9998170A212C352200D9F6E5 /* macOS */,
				99981709212C351B00D9F6E5 /* iOS */,
			);
			name = Frameworks;
			sourceTree = "<group>";
		};
		99981706212C34FD00D9F6E5 /* Frameworks */ = {
			isa = PBXGroup;
			children = (
				99981708212C351300D9F6E5 /* macOS */,
				99981707212C350A00D9F6E5 /* iOS */,
			);
			name = Frameworks;
			sourceTree = "<group>";
		};
		99981707212C350A00D9F6E5 /* iOS */ = {
			isa = PBXGroup;
			children = (
				9998171B212C35F000D9F6E5 /* RxBlocking.framework */,
				9998171C212C35F000D9F6E5 /* RxTest.framework */,
			);
			name = iOS;
			sourceTree = "<group>";
		};
		99981708212C351300D9F6E5 /* macOS */ = {
			isa = PBXGroup;
			children = (
				99981717212C35E300D9F6E5 /* RxBlocking.framework */,
				99981718212C35E300D9F6E5 /* RxTest.framework */,
			);
			name = macOS;
			sourceTree = "<group>";
		};
		99981709212C351B00D9F6E5 /* iOS */ = {
			isa = PBXGroup;
			children = (
				99981710212C356E00D9F6E5 /* RxCocoa.framework */,
				9998170F212C356E00D9F6E5 /* RxSwift.framework */,
			);
			name = iOS;
			sourceTree = "<group>";
		};
		9998170A212C352200D9F6E5 /* macOS */ = {
			isa = PBXGroup;
			children = (
				9998170B212C355900D9F6E5 /* RxCocoa.framework */,
				9998170C212C355900D9F6E5 /* RxSwift.framework */,
			);
			name = macOS;
			sourceTree = "<group>";
		};
		999C7845218A91070044C47E /* Entities */ = {
			isa = PBXGroup;
			children = (
				999C7846218A91250044C47E /* ResponseEntity.swift */,
				999C78AF218C5DCC0044C47E /* FixedEntity.swift */,
				999C78AC218C5C520044C47E /* VariableEntity.swift */,
				999C7847218A91250044C47E /* ExperimentEntity.swift */,
			);
			path = Entities;
			sourceTree = "<group>";
		};
		999C7860218AA5F70044C47E /* Helpers */ = {
			isa = PBXGroup;
			children = (
				999C7861218AA6130044C47E /* Helper.swift */,
			);
			path = Helpers;
			sourceTree = "<group>";
		};
		999C7867218AEE7D0044C47E /* ScheduleTypes */ = {
			isa = PBXGroup;
			children = (
				999C7868218AEE920044C47E /* ScheduleType.swift */,
				999C786B218B01810044C47E /* PrepositionSchedule.swift */,
				999C786E218B02850044C47E /* PostpositionSchedule.swift */,
			);
			name = ScheduleTypes;
			path = Parameters;
			sourceTree = "<group>";
		};
		999C7879218B35740044C47E /* Enums */ = {
			isa = PBXGroup;
			children = (
				999C787A218B357F0044C47E /* TimeUnit.swift */,
			);
			path = Enums;
			sourceTree = "<group>";
		};
		999C787D218B3E5A0044C47E /* Domain */ = {
			isa = PBXGroup;
			children = (
				999C787E218B3E730044C47E /* UseCases */,
			);
			path = Domain;
			sourceTree = "<group>";
		};
		999C787E218B3E730044C47E /* UseCases */ = {
			isa = PBXGroup;
			children = (
				999C7882218B3E8C0044C47E /* IntervalTimerUseCase.swift */,
				999C7898218C2F0C0044C47E /* ScheduleUseCase.swift */,
				999C78A3218C44350044C47E /* ExtinctionScheduleUseCase.swift */,
				999C789B218C2FE80044C47E /* FixedRatioScheduleUseCase.swift */,
				999C78A9218C53980044C47E /* VariableRatioScheduleUseCase.swift */,
				999C78BA218D62D80044C47E /* FixedIntervalScheduleUseCase.swift */,
				999C78C7218D67A80044C47E /* VariableIntervalScheduleUseCase.swift */,
			);
			path = UseCases;
			sourceTree = "<group>";
		};
		999C7885218B43470044C47E /* Application */ = {
			isa = PBXGroup;
			children = (
				999C7890218C20030044C47E /* Timer */,
				999C7886218B435F0044C47E /* Extensions */,
				999C7891218C20A00044C47E /* Typealias */,
				999C7879218B35740044C47E /* Enums */,
				999C78B6218C60B80044C47E /* Protocols */,
			);
			path = Application;
			sourceTree = "<group>";
		};
		999C7886218B435F0044C47E /* Extensions */ = {
			isa = PBXGroup;
			children = (
				999C7887218B43B10044C47E /* UIApplication+Rx.swift */,
				999C788A218B441E0044C47E /* UIViewController+Rx.swift */,
				991F053A217D47EB00BB31B6 /* Observable+Rx.swift */,
				999C784D218A917D0044C47E /* ReinforcementResult+Rx.swift */,
				999C7852218A91FB0044C47E /* ObservableType+.swift */,
			);
			path = Extensions;
			sourceTree = "<group>";
		};
		999C7890218C20030044C47E /* Timer */ = {
			isa = PBXGroup;
			children = (
				9905000B2131705E008A6423 /* IntervalTimer.swift */,
			);
			path = Timer;
			sourceTree = "<group>";
		};
		999C7891218C20A00044C47E /* Typealias */ = {
			isa = PBXGroup;
			children = (
				999C7864218AAE5D0044C47E /* DecisionSchedule.swift */,
				999C7859218A9F7A0044C47E /* ReinforcementResult.swift */,
			);
			path = Typealias;
			sourceTree = "<group>";
		};
		999C7892218C20FB0044C47E /* Events */ = {
			isa = PBXGroup;
			children = (
				999C51BB2134261B00611308 /* SessionEvents.swift */,
			);
			path = Events;
			sourceTree = "<group>";
		};
		999C7893218C21100044C47E /* Helpers */ = {
			isa = PBXGroup;
			children = (
				99AF3482217A35BA00B7A332 /* Xorshift.swift */,
				99AF347E217A357000B7A332 /* FleshlerHoffman.swift */,
				99AF350E217B0C6C00B7A332 /* RandomGenerator.swift */,
			);
			path = Helpers;
			sourceTree = "<group>";
		};
		999C789E218C30A00044C47E /* Data */ = {
			isa = PBXGroup;
			children = (
				999C789F218C30CC0044C47E /* DataStores */,
				999C7845218A91070044C47E /* Entities */,
			);
			path = Data;
			sourceTree = "<group>";
		};
		999C789F218C30CC0044C47E /* DataStores */ = {
			isa = PBXGroup;
			children = (
				999C78A0218C31020044C47E /* FixedResponseDataStore.swift */,
				999C78A6218C50480044C47E /* VariableResponseDataStore.swift */,
			);
			path = DataStores;
			sourceTree = "<group>";
		};
		999C78B6218C60B80044C47E /* Protocols */ = {
			isa = PBXGroup;
			children = (
				999C78B3218C5E630044C47E /* ScheduleParameter.swift */,
			);
			path = Protocols;
			sourceTree = "<group>";
		};
		999C78BE218D63190044C47E /* ScheduleTests */ = {
			isa = PBXGroup;
			children = (
				99AF34A5217A493B00B7A332 /* ExtinctionScheduleTests.swift */,
				99AF34A8217A49CD00B7A332 /* FixedRatioScheduleTests.swift */,
				99AF34AB217A4D4B00B7A332 /* VariableRatioScheduleTests.swift */,
				999C78BF218D63610044C47E /* FixedIntervalScheduleTests.swift */,
				999C78CA218D692D0044C47E /* VariableIntervalScheduleTests.swift */,
			);
			path = ScheduleTests;
			sourceTree = "<group>";
		};
		99AF3488217A429E00B7A332 /* Schedules */ = {
			isa = PBXGroup;
			children = (
				999C785C218AA46D0044C47E /* EXT.swift */,
				999C7840218A907D0044C47E /* FR.swift */,
				999C783F218A907D0044C47E /* VR.swift */,
				999C7876218B35440044C47E /* FI.swift */,
				999C78C4218D67060044C47E /* VI.swift */,
			);
			path = Schedules;
			sourceTree = "<group>";
		};
		99ECE8EB212972EC001510BF /* Common */ = {
			isa = PBXGroup;
			children = (
				999C7893218C21100044C47E /* Helpers */,
				999C7867218AEE7D0044C47E /* ScheduleTypes */,
				99AF3488217A429E00B7A332 /* Schedules */,
				999C7892218C20FB0044C47E /* Events */,
			);
			path = Common;
			sourceTree = "<group>";
		};
		OBJ_10 /* Tests */ = {
			isa = PBXGroup;
			children = (
				99981706212C34FD00D9F6E5 /* Frameworks */,
				994FFF5C212C2856000F4702 /* Supporting Files */,
				999C7860218AA5F70044C47E /* Helpers */,
				999C78BE218D63190044C47E /* ScheduleTests */,
				9933436E21296A6C00744042 /* OperantKitTests.swift */,
				99AF3485217A391C00B7A332 /* FleshlerHoffmanTests.swift */,
				999C7871218B11710044C47E /* ScheduleTypeTests.swift */,
			);
			path = Tests;
			sourceTree = SOURCE_ROOT;
		};
		OBJ_14 /* Products */ = {
			isa = PBXGroup;
			children = (
				99334339212969B900744042 /* OperantKit.framework */,
				99334341212969BA00744042 /* OperantKit iOSTests.xctest */,
				99334355212969E000744042 /* OperantKit.framework */,
				9933435D212969E000744042 /* OperantKit macOSTests.xctest */,
			);
			name = Products;
			sourceTree = BUILT_PRODUCTS_DIR;
		};
		OBJ_5 = {
			isa = PBXGroup;
			children = (
				OBJ_6 /* Package.swift */,
				994FFF5B212C27B3000F4702 /* Supporting Files */,
				OBJ_7 /* Sources */,
				OBJ_10 /* Tests */,
				99981705212C34D100D9F6E5 /* Frameworks */,
				OBJ_14 /* Products */,
			);
			sourceTree = "<group>";
		};
		OBJ_7 /* Sources */ = {
			isa = PBXGroup;
			children = (
				99ECE8ED212972EC001510BF /* OperantKit.swift */,
				999C7885218B43470044C47E /* Application */,
				999C789E218C30A00044C47E /* Data */,
				999C787D218B3E5A0044C47E /* Domain */,
				99ECE8EB212972EC001510BF /* Common */,
			);
			path = Sources;
			sourceTree = SOURCE_ROOT;
		};
/* End PBXGroup section */

/* Begin PBXHeadersBuildPhase section */
		99334336212969B900744042 /* Headers */ = {
			isa = PBXHeadersBuildPhase;
			buildActionMask = 2147483647;
			files = (
			);
			runOnlyForDeploymentPostprocessing = 0;
		};
		99334352212969E000744042 /* Headers */ = {
			isa = PBXHeadersBuildPhase;
			buildActionMask = 2147483647;
			files = (
			);
			runOnlyForDeploymentPostprocessing = 0;
		};
/* End PBXHeadersBuildPhase section */

/* Begin PBXNativeTarget section */
		99334338212969B900744042 /* OperantKit iOS */ = {
			isa = PBXNativeTarget;
			buildConfigurationList = 9933434A212969BA00744042 /* Build configuration list for PBXNativeTarget "OperantKit iOS" */;
			buildPhases = (
				99334334212969B900744042 /* Sources */,
				99334335212969B900744042 /* Frameworks */,
				99334336212969B900744042 /* Headers */,
				99334337212969B900744042 /* Resources */,
				9905FFD4212F98EE008A6423 /* Run SwiftLint Script */,
			);
			buildRules = (
			);
			dependencies = (
			);
			name = "OperantKit iOS";
			productName = "OperantKit iOS";
			productReference = 99334339212969B900744042 /* OperantKit.framework */;
			productType = "com.apple.product-type.framework";
		};
		99334340212969BA00744042 /* OperantKit iOSTests */ = {
			isa = PBXNativeTarget;
			buildConfigurationList = 9933434D212969BA00744042 /* Build configuration list for PBXNativeTarget "OperantKit iOSTests" */;
			buildPhases = (
				9933433D212969BA00744042 /* Sources */,
				9933433E212969BA00744042 /* Frameworks */,
				9933433F212969BA00744042 /* Resources */,
			);
			buildRules = (
			);
			dependencies = (
				99334344212969BA00744042 /* PBXTargetDependency */,
			);
			name = "OperantKit iOSTests";
			productName = "OperantKit iOSTests";
			productReference = 99334341212969BA00744042 /* OperantKit iOSTests.xctest */;
			productType = "com.apple.product-type.bundle.unit-test";
		};
		99334354212969E000744042 /* OperantKit macOS */ = {
			isa = PBXNativeTarget;
			buildConfigurationList = 99334366212969E000744042 /* Build configuration list for PBXNativeTarget "OperantKit macOS" */;
			buildPhases = (
				99334350212969E000744042 /* Sources */,
				99334351212969E000744042 /* Frameworks */,
				99334352212969E000744042 /* Headers */,
				99334353212969E000744042 /* Resources */,
				99AF347C217A2FA300B7A332 /* Run SwiftLint Script */,
			);
			buildRules = (
			);
			dependencies = (
			);
			name = "OperantKit macOS";
			productName = "OperantKit macOS";
			productReference = 99334355212969E000744042 /* OperantKit.framework */;
			productType = "com.apple.product-type.framework";
		};
		9933435C212969E000744042 /* OperantKit macOSTests */ = {
			isa = PBXNativeTarget;
			buildConfigurationList = 99334369212969E000744042 /* Build configuration list for PBXNativeTarget "OperantKit macOSTests" */;
			buildPhases = (
				99334359212969E000744042 /* Sources */,
				9933435A212969E000744042 /* Frameworks */,
				9933435B212969E000744042 /* Resources */,
			);
			buildRules = (
			);
			dependencies = (
				99334360212969E000744042 /* PBXTargetDependency */,
			);
			name = "OperantKit macOSTests";
			productName = "OperantKit macOSTests";
			productReference = 9933435D212969E000744042 /* OperantKit macOSTests.xctest */;
			productType = "com.apple.product-type.bundle.unit-test";
		};
/* End PBXNativeTarget section */

/* Begin PBXProject section */
		OBJ_1 /* Project object */ = {
			isa = PBXProject;
			attributes = {
				LastSwiftUpdateCheck = 0940;
				LastUpgradeCheck = 1000;
				TargetAttributes = {
					99334338212969B900744042 = {
						CreatedOnToolsVersion = 9.4.1;
						LastSwiftMigration = 0940;
						ProvisioningStyle = Manual;
					};
					99334340212969BA00744042 = {
						CreatedOnToolsVersion = 9.4.1;
						DevelopmentTeam = Y3FSN97W3M;
						ProvisioningStyle = Automatic;
					};
					99334354212969E000744042 = {
						CreatedOnToolsVersion = 9.4.1;
						LastSwiftMigration = 0940;
						ProvisioningStyle = Manual;
					};
					9933435C212969E000744042 = {
						CreatedOnToolsVersion = 9.4.1;
						ProvisioningStyle = Manual;
					};
				};
			};
			buildConfigurationList = OBJ_2 /* Build configuration list for PBXProject "OperantKit" */;
			compatibilityVersion = "Xcode 3.2";
			developmentRegion = English;
			hasScannedForEncodings = 0;
			knownRegions = (
				en,
			);
			mainGroup = OBJ_5;
			productRefGroup = OBJ_14 /* Products */;
			projectDirPath = "";
			projectRoot = "";
			targets = (
				99334338212969B900744042 /* OperantKit iOS */,
				99334340212969BA00744042 /* OperantKit iOSTests */,
				99334354212969E000744042 /* OperantKit macOS */,
				9933435C212969E000744042 /* OperantKit macOSTests */,
			);
		};
/* End PBXProject section */

/* Begin PBXResourcesBuildPhase section */
		99334337212969B900744042 /* Resources */ = {
			isa = PBXResourcesBuildPhase;
			buildActionMask = 2147483647;
			files = (
			);
			runOnlyForDeploymentPostprocessing = 0;
		};
		9933433F212969BA00744042 /* Resources */ = {
			isa = PBXResourcesBuildPhase;
			buildActionMask = 2147483647;
			files = (
			);
			runOnlyForDeploymentPostprocessing = 0;
		};
		99334353212969E000744042 /* Resources */ = {
			isa = PBXResourcesBuildPhase;
			buildActionMask = 2147483647;
			files = (
			);
			runOnlyForDeploymentPostprocessing = 0;
		};
		9933435B212969E000744042 /* Resources */ = {
			isa = PBXResourcesBuildPhase;
			buildActionMask = 2147483647;
			files = (
			);
			runOnlyForDeploymentPostprocessing = 0;
		};
/* End PBXResourcesBuildPhase section */

/* Begin PBXShellScriptBuildPhase section */
		9905FFD4212F98EE008A6423 /* Run SwiftLint Script */ = {
			isa = PBXShellScriptBuildPhase;
			buildActionMask = 2147483647;
			files = (
			);
			inputPaths = (
			);
			name = "Run SwiftLint Script";
			outputPaths = (
			);
			runOnlyForDeploymentPostprocessing = 0;
			shellPath = /bin/sh;
			shellScript = "if which swiftlint >/dev/null; then\n    swiftlint autocorrect\n    swiftlint\nelse\n    echo \"warning: SwiftLint not installed, download from https://github.com/realm/SwiftLint\"\nfi\n";
		};
		99AF347C217A2FA300B7A332 /* Run SwiftLint Script */ = {
			isa = PBXShellScriptBuildPhase;
			buildActionMask = 2147483647;
			files = (
			);
			inputFileListPaths = (
			);
			inputPaths = (
			);
			name = "Run SwiftLint Script";
			outputFileListPaths = (
			);
			outputPaths = (
			);
			runOnlyForDeploymentPostprocessing = 0;
			shellPath = /bin/sh;
			shellScript = "if which swiftlint >/dev/null; then\n    swiftlint autocorrect\n    swiftlint\nelse\n    echo \"warning: SwiftLint not installed, download from https://github.com/realm/SwiftLint\"\nfi\n";
		};
/* End PBXShellScriptBuildPhase section */

/* Begin PBXSourcesBuildPhase section */
		99334334212969B900744042 /* Sources */ = {
			isa = PBXSourcesBuildPhase;
			buildActionMask = 2147483647;
			files = (
				999C7865218AAE5D0044C47E /* DecisionSchedule.swift in Sources */,
				99AF347F217A357000B7A332 /* FleshlerHoffman.swift in Sources */,
				99AF350F217B0C6D00B7A332 /* RandomGenerator.swift in Sources */,
				99ECE8F0212972EC001510BF /* OperantKit.swift in Sources */,
				999C7883218B3E8C0044C47E /* IntervalTimerUseCase.swift in Sources */,
				999C78AD218C5C520044C47E /* VariableEntity.swift in Sources */,
				999C78A7218C50480044C47E /* VariableResponseDataStore.swift in Sources */,
				999C785A218A9F7A0044C47E /* ReinforcementResult.swift in Sources */,
				999C788B218B441E0044C47E /* UIViewController+Rx.swift in Sources */,
				999C7877218B35440044C47E /* FI.swift in Sources */,
				999C786F218B02850044C47E /* PostpositionSchedule.swift in Sources */,
				999C78AA218C53980044C47E /* VariableRatioScheduleUseCase.swift in Sources */,
				999C78BB218D62D80044C47E /* FixedIntervalScheduleUseCase.swift in Sources */,
				999C7841218A907D0044C47E /* VR.swift in Sources */,
				999C7888218B43B10044C47E /* UIApplication+Rx.swift in Sources */,
				999C785D218AA46D0044C47E /* EXT.swift in Sources */,
				999C784A218A91250044C47E /* ExperimentEntity.swift in Sources */,
				999C78C8218D67A80044C47E /* VariableIntervalScheduleUseCase.swift in Sources */,
				999C7843218A907D0044C47E /* FR.swift in Sources */,
				999C78C5218D67060044C47E /* VI.swift in Sources */,
				999C78A1218C31020044C47E /* FixedResponseDataStore.swift in Sources */,
				999C786C218B01810044C47E /* PrepositionSchedule.swift in Sources */,
				999C7851218A917D0044C47E /* ReinforcementResult+Rx.swift in Sources */,
				999C78A4218C44350044C47E /* ExtinctionScheduleUseCase.swift in Sources */,
				999C78B4218C5E630044C47E /* ScheduleParameter.swift in Sources */,
				9905000C2131705E008A6423 /* IntervalTimer.swift in Sources */,
				999C7869218AEE920044C47E /* ScheduleType.swift in Sources */,
				999C7854218A91FC0044C47E /* ObservableType+.swift in Sources */,
				99AF3483217A35BA00B7A332 /* Xorshift.swift in Sources */,
				999C78B0218C5DCC0044C47E /* FixedEntity.swift in Sources */,
				999C7899218C2F0C0044C47E /* ScheduleUseCase.swift in Sources */,
				999C789C218C2FE80044C47E /* FixedRatioScheduleUseCase.swift in Sources */,
				999C51BC2134261B00611308 /* SessionEvents.swift in Sources */,
				991F053B217D47EB00BB31B6 /* Observable+Rx.swift in Sources */,
				999C787B218B357F0044C47E /* TimeUnit.swift in Sources */,
				999C7848218A91250044C47E /* ResponseEntity.swift in Sources */,
			);
			runOnlyForDeploymentPostprocessing = 0;
		};
		9933433D212969BA00744042 /* Sources */ = {
			isa = PBXSourcesBuildPhase;
			buildActionMask = 2147483647;
			files = (
				999C78C2218D63660044C47E /* FixedIntervalScheduleTests.swift in Sources */,
				99AF34AC217A4D4B00B7A332 /* VariableRatioScheduleTests.swift in Sources */,
				99AF3486217A391C00B7A332 /* FleshlerHoffmanTests.swift in Sources */,
				999C7874218B11730044C47E /* ScheduleTypeTests.swift in Sources */,
				9933437321296A6C00744042 /* OperantKitTests.swift in Sources */,
				999C78CB218D692D0044C47E /* VariableIntervalScheduleTests.swift in Sources */,
				99AF34A6217A493C00B7A332 /* ExtinctionScheduleTests.swift in Sources */,
				99AF34A9217A49CD00B7A332 /* FixedRatioScheduleTests.swift in Sources */,
				999C7862218AA6130044C47E /* Helper.swift in Sources */,
			);
			runOnlyForDeploymentPostprocessing = 0;
		};
		99334350212969E000744042 /* Sources */ = {
			isa = PBXSourcesBuildPhase;
			buildActionMask = 2147483647;
			files = (
				999C7866218AAE5D0044C47E /* DecisionSchedule.swift in Sources */,
				99AF3480217A357000B7A332 /* FleshlerHoffman.swift in Sources */,
				99AF3510217B0C6D00B7A332 /* RandomGenerator.swift in Sources */,
				99ECE8F1212972EC001510BF /* OperantKit.swift in Sources */,
				999C7884218B3E8C0044C47E /* IntervalTimerUseCase.swift in Sources */,
				999C78AE218C5C520044C47E /* VariableEntity.swift in Sources */,
				999C78A8218C50480044C47E /* VariableResponseDataStore.swift in Sources */,
				999C785B218A9F7A0044C47E /* ReinforcementResult.swift in Sources */,
				999C788C218B441E0044C47E /* UIViewController+Rx.swift in Sources */,
				999C7878218B35440044C47E /* FI.swift in Sources */,
				999C7870218B02850044C47E /* PostpositionSchedule.swift in Sources */,
				999C78AB218C53980044C47E /* VariableRatioScheduleUseCase.swift in Sources */,
				999C78BC218D62D80044C47E /* FixedIntervalScheduleUseCase.swift in Sources */,
				999C7842218A907D0044C47E /* VR.swift in Sources */,
				999C7889218B43B10044C47E /* UIApplication+Rx.swift in Sources */,
				999C785E218AA46D0044C47E /* EXT.swift in Sources */,
				999C784B218A91250044C47E /* ExperimentEntity.swift in Sources */,
				999C78C9218D67A80044C47E /* VariableIntervalScheduleUseCase.swift in Sources */,
				999C7844218A907D0044C47E /* FR.swift in Sources */,
				999C78C6218D67060044C47E /* VI.swift in Sources */,
				999C78A2218C31020044C47E /* FixedResponseDataStore.swift in Sources */,
				999C786D218B01810044C47E /* PrepositionSchedule.swift in Sources */,
				999C7850218A917D0044C47E /* ReinforcementResult+Rx.swift in Sources */,
				999C78A5218C44350044C47E /* ExtinctionScheduleUseCase.swift in Sources */,
				999C78B5218C5E630044C47E /* ScheduleParameter.swift in Sources */,
				9905000D2131705E008A6423 /* IntervalTimer.swift in Sources */,
				999C786A218AEE920044C47E /* ScheduleType.swift in Sources */,
				999C7853218A91FC0044C47E /* ObservableType+.swift in Sources */,
				99AF3484217A35BA00B7A332 /* Xorshift.swift in Sources */,
				999C78B1218C5DCC0044C47E /* FixedEntity.swift in Sources */,
				999C789A218C2F0C0044C47E /* ScheduleUseCase.swift in Sources */,
				999C789D218C2FE80044C47E /* FixedRatioScheduleUseCase.swift in Sources */,
				999C51BD2134261B00611308 /* SessionEvents.swift in Sources */,
				991F053C217D47ED00BB31B6 /* Observable+Rx.swift in Sources */,
				999C787C218B357F0044C47E /* TimeUnit.swift in Sources */,
				999C7849218A91250044C47E /* ResponseEntity.swift in Sources */,
			);
			runOnlyForDeploymentPostprocessing = 0;
		};
		99334359212969E000744042 /* Sources */ = {
			isa = PBXSourcesBuildPhase;
			buildActionMask = 2147483647;
			files = (
				999C78C3218D63680044C47E /* FixedIntervalScheduleTests.swift in Sources */,
				99AF34AD217A4D4B00B7A332 /* VariableRatioScheduleTests.swift in Sources */,
				99AF3487217A391C00B7A332 /* FleshlerHoffmanTests.swift in Sources */,
				999C7875218B11740044C47E /* ScheduleTypeTests.swift in Sources */,
				9933437421296A6C00744042 /* OperantKitTests.swift in Sources */,
				999C78CC218D692D0044C47E /* VariableIntervalScheduleTests.swift in Sources */,
				99AF34A7217A493C00B7A332 /* ExtinctionScheduleTests.swift in Sources */,
				99AF34AA217A49CD00B7A332 /* FixedRatioScheduleTests.swift in Sources */,
				999C7863218AA6130044C47E /* Helper.swift in Sources */,
			);
			runOnlyForDeploymentPostprocessing = 0;
		};
/* End PBXSourcesBuildPhase section */

/* Begin PBXTargetDependency section */
		99334344212969BA00744042 /* PBXTargetDependency */ = {
			isa = PBXTargetDependency;
			target = 99334338212969B900744042 /* OperantKit iOS */;
			targetProxy = 99334343212969BA00744042 /* PBXContainerItemProxy */;
		};
		99334360212969E000744042 /* PBXTargetDependency */ = {
			isa = PBXTargetDependency;
			target = 99334354212969E000744042 /* OperantKit macOS */;
			targetProxy = 9933435F212969E000744042 /* PBXContainerItemProxy */;
		};
/* End PBXTargetDependency section */

/* Begin XCBuildConfiguration section */
		9933434B212969BA00744042 /* Debug */ = {
			isa = XCBuildConfiguration;
			buildSettings = {
				ALWAYS_SEARCH_USER_PATHS = NO;
				CLANG_ANALYZER_NONNULL = YES;
				CLANG_ANALYZER_NUMBER_OBJECT_CONVERSION = YES_AGGRESSIVE;
				CLANG_CXX_LANGUAGE_STANDARD = "gnu++14";
				CLANG_CXX_LIBRARY = "libc++";
				CLANG_ENABLE_MODULES = YES;
				CLANG_ENABLE_OBJC_WEAK = YES;
				CLANG_WARN_BLOCK_CAPTURE_AUTORELEASING = YES;
				CLANG_WARN_BOOL_CONVERSION = YES;
				CLANG_WARN_COMMA = YES;
				CLANG_WARN_CONSTANT_CONVERSION = YES;
				CLANG_WARN_DEPRECATED_OBJC_IMPLEMENTATIONS = YES;
				CLANG_WARN_DIRECT_OBJC_ISA_USAGE = YES_ERROR;
				CLANG_WARN_DOCUMENTATION_COMMENTS = YES;
				CLANG_WARN_EMPTY_BODY = YES;
				CLANG_WARN_ENUM_CONVERSION = YES;
				CLANG_WARN_INFINITE_RECURSION = YES;
				CLANG_WARN_INT_CONVERSION = YES;
				CLANG_WARN_NON_LITERAL_NULL_CONVERSION = YES;
				CLANG_WARN_OBJC_IMPLICIT_RETAIN_SELF = YES;
				CLANG_WARN_OBJC_LITERAL_CONVERSION = YES;
				CLANG_WARN_OBJC_ROOT_CLASS = YES_ERROR;
				CLANG_WARN_RANGE_LOOP_ANALYSIS = YES;
				CLANG_WARN_STRICT_PROTOTYPES = YES;
				CLANG_WARN_SUSPICIOUS_MOVE = YES;
				CLANG_WARN_UNGUARDED_AVAILABILITY = YES_AGGRESSIVE;
				CLANG_WARN_UNREACHABLE_CODE = YES;
				CLANG_WARN__DUPLICATE_METHOD_MATCH = YES;
				CODE_SIGN_IDENTITY = "iPhone Developer";
				"CODE_SIGN_IDENTITY[sdk=iphoneos*]" = "";
				CODE_SIGN_STYLE = Manual;
				CURRENT_PROJECT_VERSION = 1;
				DEFINES_MODULE = YES;
				DEVELOPMENT_TEAM = "";
				DYLIB_COMPATIBILITY_VERSION = 1;
				DYLIB_CURRENT_VERSION = 1;
				DYLIB_INSTALL_NAME_BASE = "@rpath";
				ENABLE_STRICT_OBJC_MSGSEND = YES;
				ENABLE_TESTABILITY = YES;
				FRAMEWORK_SEARCH_PATHS = (
					"$(inherited)",
					"$(PROJECT_DIR)/Carthage/Build/iOS",
				);
				GCC_C_LANGUAGE_STANDARD = gnu11;
				GCC_DYNAMIC_NO_PIC = NO;
				GCC_NO_COMMON_BLOCKS = YES;
				GCC_PREPROCESSOR_DEFINITIONS = (
					"DEBUG=1",
					"$(inherited)",
				);
				GCC_WARN_64_TO_32_BIT_CONVERSION = YES;
				GCC_WARN_ABOUT_RETURN_TYPE = YES_ERROR;
				GCC_WARN_UNDECLARED_SELECTOR = YES;
				GCC_WARN_UNINITIALIZED_AUTOS = YES_AGGRESSIVE;
				GCC_WARN_UNUSED_FUNCTION = YES;
				GCC_WARN_UNUSED_VARIABLE = YES;
				INFOPLIST_FILE = "$(SRCROOT)/Sources/Info.plist";
				INSTALL_PATH = "$(LOCAL_LIBRARY_DIR)/Frameworks";
				IPHONEOS_DEPLOYMENT_TARGET = 10.0;
				LD_RUNPATH_SEARCH_PATHS = "$(inherited) @executable_path/Frameworks @loader_path/Frameworks $(FRAMEWORK_SEARCH_PATHS)";
				MTL_ENABLE_DEBUG_INFO = YES;
				PRODUCT_BUNDLE_IDENTIFIER = "com.ym.OperantKit-iOS";
				PRODUCT_NAME = OperantKit;
				PROVISIONING_PROFILE_SPECIFIER = "";
				SDKROOT = iphoneos;
				SKIP_INSTALL = YES;
				SUPPORTED_PLATFORMS = "iphonesimulator iphoneos";
				SWIFT_ACTIVE_COMPILATION_CONDITIONS = DEBUG;
				SWIFT_OPTIMIZATION_LEVEL = "-O";
				SWIFT_VERSION = 4.2;
				TARGETED_DEVICE_FAMILY = "1,2";
				VERSIONING_SYSTEM = "apple-generic";
				VERSION_INFO_PREFIX = "";
			};
			name = Debug;
		};
		9933434C212969BA00744042 /* Release */ = {
			isa = XCBuildConfiguration;
			buildSettings = {
				ALWAYS_SEARCH_USER_PATHS = NO;
				CLANG_ANALYZER_NONNULL = YES;
				CLANG_ANALYZER_NUMBER_OBJECT_CONVERSION = YES_AGGRESSIVE;
				CLANG_CXX_LANGUAGE_STANDARD = "gnu++14";
				CLANG_CXX_LIBRARY = "libc++";
				CLANG_ENABLE_MODULES = YES;
				CLANG_ENABLE_OBJC_WEAK = YES;
				CLANG_WARN_BLOCK_CAPTURE_AUTORELEASING = YES;
				CLANG_WARN_BOOL_CONVERSION = YES;
				CLANG_WARN_COMMA = YES;
				CLANG_WARN_CONSTANT_CONVERSION = YES;
				CLANG_WARN_DEPRECATED_OBJC_IMPLEMENTATIONS = YES;
				CLANG_WARN_DIRECT_OBJC_ISA_USAGE = YES_ERROR;
				CLANG_WARN_DOCUMENTATION_COMMENTS = YES;
				CLANG_WARN_EMPTY_BODY = YES;
				CLANG_WARN_ENUM_CONVERSION = YES;
				CLANG_WARN_INFINITE_RECURSION = YES;
				CLANG_WARN_INT_CONVERSION = YES;
				CLANG_WARN_NON_LITERAL_NULL_CONVERSION = YES;
				CLANG_WARN_OBJC_IMPLICIT_RETAIN_SELF = YES;
				CLANG_WARN_OBJC_LITERAL_CONVERSION = YES;
				CLANG_WARN_OBJC_ROOT_CLASS = YES_ERROR;
				CLANG_WARN_RANGE_LOOP_ANALYSIS = YES;
				CLANG_WARN_STRICT_PROTOTYPES = YES;
				CLANG_WARN_SUSPICIOUS_MOVE = YES;
				CLANG_WARN_UNGUARDED_AVAILABILITY = YES_AGGRESSIVE;
				CLANG_WARN_UNREACHABLE_CODE = YES;
				CLANG_WARN__DUPLICATE_METHOD_MATCH = YES;
				CODE_SIGN_IDENTITY = "iPhone Developer";
				"CODE_SIGN_IDENTITY[sdk=iphoneos*]" = "";
				CODE_SIGN_STYLE = Manual;
				COPY_PHASE_STRIP = NO;
				CURRENT_PROJECT_VERSION = 1;
				DEFINES_MODULE = YES;
				DEVELOPMENT_TEAM = "";
				DYLIB_COMPATIBILITY_VERSION = 1;
				DYLIB_CURRENT_VERSION = 1;
				DYLIB_INSTALL_NAME_BASE = "@rpath";
				ENABLE_NS_ASSERTIONS = NO;
				ENABLE_STRICT_OBJC_MSGSEND = YES;
				ENABLE_TESTABILITY = YES;
				FRAMEWORK_SEARCH_PATHS = (
					"$(inherited)",
					"$(PROJECT_DIR)/Carthage/Build/iOS",
				);
				GCC_C_LANGUAGE_STANDARD = gnu11;
				GCC_NO_COMMON_BLOCKS = YES;
				GCC_WARN_64_TO_32_BIT_CONVERSION = YES;
				GCC_WARN_ABOUT_RETURN_TYPE = YES_ERROR;
				GCC_WARN_UNDECLARED_SELECTOR = YES;
				GCC_WARN_UNINITIALIZED_AUTOS = YES_AGGRESSIVE;
				GCC_WARN_UNUSED_FUNCTION = YES;
				GCC_WARN_UNUSED_VARIABLE = YES;
				INFOPLIST_FILE = "$(SRCROOT)/Sources/Info.plist";
				INSTALL_PATH = "$(LOCAL_LIBRARY_DIR)/Frameworks";
				IPHONEOS_DEPLOYMENT_TARGET = 10.0;
				LD_RUNPATH_SEARCH_PATHS = "$(inherited) @executable_path/Frameworks @loader_path/Frameworks $(FRAMEWORK_SEARCH_PATHS)";
				MTL_ENABLE_DEBUG_INFO = NO;
				PRODUCT_BUNDLE_IDENTIFIER = "com.ym.OperantKit-iOS";
				PRODUCT_NAME = OperantKit;
				PROVISIONING_PROFILE_SPECIFIER = "";
				SDKROOT = iphoneos;
				SKIP_INSTALL = YES;
				SUPPORTED_PLATFORMS = "iphonesimulator iphoneos";
				SWIFT_OPTIMIZATION_LEVEL = "-O";
				SWIFT_VERSION = 4.2;
				TARGETED_DEVICE_FAMILY = "1,2";
				VALIDATE_PRODUCT = YES;
				VERSIONING_SYSTEM = "apple-generic";
				VERSION_INFO_PREFIX = "";
			};
			name = Release;
		};
		9933434E212969BA00744042 /* Debug */ = {
			isa = XCBuildConfiguration;
			buildSettings = {
				ALWAYS_EMBED_SWIFT_STANDARD_LIBRARIES = YES;
				ALWAYS_SEARCH_USER_PATHS = NO;
				CLANG_ANALYZER_NONNULL = YES;
				CLANG_ANALYZER_NUMBER_OBJECT_CONVERSION = YES_AGGRESSIVE;
				CLANG_CXX_LANGUAGE_STANDARD = "gnu++14";
				CLANG_CXX_LIBRARY = "libc++";
				CLANG_ENABLE_MODULES = YES;
				CLANG_ENABLE_OBJC_WEAK = YES;
				CLANG_WARN_BLOCK_CAPTURE_AUTORELEASING = YES;
				CLANG_WARN_BOOL_CONVERSION = YES;
				CLANG_WARN_COMMA = YES;
				CLANG_WARN_CONSTANT_CONVERSION = YES;
				CLANG_WARN_DEPRECATED_OBJC_IMPLEMENTATIONS = YES;
				CLANG_WARN_DIRECT_OBJC_ISA_USAGE = YES_ERROR;
				CLANG_WARN_DOCUMENTATION_COMMENTS = YES;
				CLANG_WARN_EMPTY_BODY = YES;
				CLANG_WARN_ENUM_CONVERSION = YES;
				CLANG_WARN_INFINITE_RECURSION = YES;
				CLANG_WARN_INT_CONVERSION = YES;
				CLANG_WARN_NON_LITERAL_NULL_CONVERSION = YES;
				CLANG_WARN_OBJC_IMPLICIT_RETAIN_SELF = YES;
				CLANG_WARN_OBJC_LITERAL_CONVERSION = YES;
				CLANG_WARN_OBJC_ROOT_CLASS = YES_ERROR;
				CLANG_WARN_RANGE_LOOP_ANALYSIS = YES;
				CLANG_WARN_STRICT_PROTOTYPES = YES;
				CLANG_WARN_SUSPICIOUS_MOVE = YES;
				CLANG_WARN_UNGUARDED_AVAILABILITY = YES_AGGRESSIVE;
				CLANG_WARN_UNREACHABLE_CODE = YES;
				CLANG_WARN__DUPLICATE_METHOD_MATCH = YES;
				CODE_SIGN_IDENTITY = "iPhone Developer";
				CODE_SIGN_STYLE = Automatic;
				DEVELOPMENT_TEAM = Y3FSN97W3M;
				ENABLE_STRICT_OBJC_MSGSEND = YES;
				ENABLE_TESTABILITY = YES;
				FRAMEWORK_SEARCH_PATHS = (
					"$(inherited)",
					"$(PROJECT_DIR)/Carthage/Build/iOS",
				);
				GCC_C_LANGUAGE_STANDARD = gnu11;
				GCC_DYNAMIC_NO_PIC = NO;
				GCC_NO_COMMON_BLOCKS = YES;
				GCC_PREPROCESSOR_DEFINITIONS = (
					"DEBUG=1",
					"$(inherited)",
				);
				GCC_WARN_64_TO_32_BIT_CONVERSION = YES;
				GCC_WARN_ABOUT_RETURN_TYPE = YES_ERROR;
				GCC_WARN_UNDECLARED_SELECTOR = YES;
				GCC_WARN_UNINITIALIZED_AUTOS = YES_AGGRESSIVE;
				GCC_WARN_UNUSED_FUNCTION = YES;
				GCC_WARN_UNUSED_VARIABLE = YES;
				INFOPLIST_FILE = Tests/Info.plist;
				IPHONEOS_DEPLOYMENT_TARGET = 10.0;
				LD_RUNPATH_SEARCH_PATHS = "$(inherited) @executable_path/Frameworks @loader_path/Frameworks $(FRAMEWORK_SEARCH_PATHS)";
				MTL_ENABLE_DEBUG_INFO = YES;
				PRODUCT_BUNDLE_IDENTIFIER = "com.ym.OperantKit-iOSTests";
				PRODUCT_NAME = "$(TARGET_NAME)";
				PROVISIONING_PROFILE_SPECIFIER = "";
				SDKROOT = iphoneos;
				SUPPORTED_PLATFORMS = "iphonesimulator iphoneos";
				SWIFT_ACTIVE_COMPILATION_CONDITIONS = DEBUG;
				SWIFT_VERSION = 4.2;
				TARGETED_DEVICE_FAMILY = "1,2";
			};
			name = Debug;
		};
		9933434F212969BA00744042 /* Release */ = {
			isa = XCBuildConfiguration;
			buildSettings = {
				ALWAYS_EMBED_SWIFT_STANDARD_LIBRARIES = YES;
				ALWAYS_SEARCH_USER_PATHS = NO;
				CLANG_ANALYZER_NONNULL = YES;
				CLANG_ANALYZER_NUMBER_OBJECT_CONVERSION = YES_AGGRESSIVE;
				CLANG_CXX_LANGUAGE_STANDARD = "gnu++14";
				CLANG_CXX_LIBRARY = "libc++";
				CLANG_ENABLE_MODULES = YES;
				CLANG_ENABLE_OBJC_WEAK = YES;
				CLANG_WARN_BLOCK_CAPTURE_AUTORELEASING = YES;
				CLANG_WARN_BOOL_CONVERSION = YES;
				CLANG_WARN_COMMA = YES;
				CLANG_WARN_CONSTANT_CONVERSION = YES;
				CLANG_WARN_DEPRECATED_OBJC_IMPLEMENTATIONS = YES;
				CLANG_WARN_DIRECT_OBJC_ISA_USAGE = YES_ERROR;
				CLANG_WARN_DOCUMENTATION_COMMENTS = YES;
				CLANG_WARN_EMPTY_BODY = YES;
				CLANG_WARN_ENUM_CONVERSION = YES;
				CLANG_WARN_INFINITE_RECURSION = YES;
				CLANG_WARN_INT_CONVERSION = YES;
				CLANG_WARN_NON_LITERAL_NULL_CONVERSION = YES;
				CLANG_WARN_OBJC_IMPLICIT_RETAIN_SELF = YES;
				CLANG_WARN_OBJC_LITERAL_CONVERSION = YES;
				CLANG_WARN_OBJC_ROOT_CLASS = YES_ERROR;
				CLANG_WARN_RANGE_LOOP_ANALYSIS = YES;
				CLANG_WARN_STRICT_PROTOTYPES = YES;
				CLANG_WARN_SUSPICIOUS_MOVE = YES;
				CLANG_WARN_UNGUARDED_AVAILABILITY = YES_AGGRESSIVE;
				CLANG_WARN_UNREACHABLE_CODE = YES;
				CLANG_WARN__DUPLICATE_METHOD_MATCH = YES;
				CODE_SIGN_IDENTITY = "iPhone Developer";
				CODE_SIGN_STYLE = Automatic;
				COPY_PHASE_STRIP = NO;
				DEVELOPMENT_TEAM = Y3FSN97W3M;
				ENABLE_NS_ASSERTIONS = NO;
				ENABLE_STRICT_OBJC_MSGSEND = YES;
				FRAMEWORK_SEARCH_PATHS = (
					"$(inherited)",
					"$(PROJECT_DIR)/Carthage/Build/iOS",
				);
				GCC_C_LANGUAGE_STANDARD = gnu11;
				GCC_NO_COMMON_BLOCKS = YES;
				GCC_WARN_64_TO_32_BIT_CONVERSION = YES;
				GCC_WARN_ABOUT_RETURN_TYPE = YES_ERROR;
				GCC_WARN_UNDECLARED_SELECTOR = YES;
				GCC_WARN_UNINITIALIZED_AUTOS = YES_AGGRESSIVE;
				GCC_WARN_UNUSED_FUNCTION = YES;
				GCC_WARN_UNUSED_VARIABLE = YES;
				INFOPLIST_FILE = Tests/Info.plist;
				IPHONEOS_DEPLOYMENT_TARGET = 10.0;
				LD_RUNPATH_SEARCH_PATHS = "$(inherited) @executable_path/Frameworks @loader_path/Frameworks $(FRAMEWORK_SEARCH_PATHS)";
				MTL_ENABLE_DEBUG_INFO = NO;
				PRODUCT_BUNDLE_IDENTIFIER = "com.ym.OperantKit-iOSTests";
				PRODUCT_NAME = "$(TARGET_NAME)";
				PROVISIONING_PROFILE_SPECIFIER = "";
				SDKROOT = iphoneos;
				SUPPORTED_PLATFORMS = "iphonesimulator iphoneos";
				SWIFT_VERSION = 4.2;
				TARGETED_DEVICE_FAMILY = "1,2";
				VALIDATE_PRODUCT = YES;
			};
			name = Release;
		};
		99334367212969E000744042 /* Debug */ = {
			isa = XCBuildConfiguration;
			buildSettings = {
				ALWAYS_SEARCH_USER_PATHS = NO;
				CLANG_ANALYZER_NONNULL = YES;
				CLANG_ANALYZER_NUMBER_OBJECT_CONVERSION = YES_AGGRESSIVE;
				CLANG_CXX_LANGUAGE_STANDARD = "gnu++14";
				CLANG_CXX_LIBRARY = "libc++";
				CLANG_ENABLE_MODULES = YES;
				CLANG_ENABLE_OBJC_WEAK = YES;
				CLANG_WARN_BLOCK_CAPTURE_AUTORELEASING = YES;
				CLANG_WARN_BOOL_CONVERSION = YES;
				CLANG_WARN_COMMA = YES;
				CLANG_WARN_CONSTANT_CONVERSION = YES;
				CLANG_WARN_DEPRECATED_OBJC_IMPLEMENTATIONS = YES;
				CLANG_WARN_DIRECT_OBJC_ISA_USAGE = YES_ERROR;
				CLANG_WARN_DOCUMENTATION_COMMENTS = YES;
				CLANG_WARN_EMPTY_BODY = YES;
				CLANG_WARN_ENUM_CONVERSION = YES;
				CLANG_WARN_INFINITE_RECURSION = YES;
				CLANG_WARN_INT_CONVERSION = YES;
				CLANG_WARN_NON_LITERAL_NULL_CONVERSION = YES;
				CLANG_WARN_OBJC_IMPLICIT_RETAIN_SELF = YES;
				CLANG_WARN_OBJC_LITERAL_CONVERSION = YES;
				CLANG_WARN_OBJC_ROOT_CLASS = YES_ERROR;
				CLANG_WARN_RANGE_LOOP_ANALYSIS = YES;
				CLANG_WARN_STRICT_PROTOTYPES = YES;
				CLANG_WARN_SUSPICIOUS_MOVE = YES;
				CLANG_WARN_UNGUARDED_AVAILABILITY = YES_AGGRESSIVE;
				CLANG_WARN_UNREACHABLE_CODE = YES;
				CLANG_WARN__DUPLICATE_METHOD_MATCH = YES;
				CODE_SIGN_IDENTITY = "";
				CODE_SIGN_STYLE = Manual;
				COMBINE_HIDPI_IMAGES = YES;
				CURRENT_PROJECT_VERSION = 1;
				DEFINES_MODULE = YES;
				DEVELOPMENT_TEAM = "";
				DYLIB_COMPATIBILITY_VERSION = 1;
				DYLIB_CURRENT_VERSION = 1;
				DYLIB_INSTALL_NAME_BASE = "@rpath";
				ENABLE_STRICT_OBJC_MSGSEND = YES;
				ENABLE_TESTABILITY = YES;
				FRAMEWORK_SEARCH_PATHS = (
					"$(inherited)",
					"$(PROJECT_DIR)/Carthage/Build/Mac",
				);
				FRAMEWORK_VERSION = A;
				GCC_C_LANGUAGE_STANDARD = gnu11;
				GCC_DYNAMIC_NO_PIC = NO;
				GCC_NO_COMMON_BLOCKS = YES;
				GCC_PREPROCESSOR_DEFINITIONS = (
					"DEBUG=1",
					"$(inherited)",
				);
				GCC_WARN_64_TO_32_BIT_CONVERSION = YES;
				GCC_WARN_ABOUT_RETURN_TYPE = YES_ERROR;
				GCC_WARN_UNDECLARED_SELECTOR = YES;
				GCC_WARN_UNINITIALIZED_AUTOS = YES_AGGRESSIVE;
				GCC_WARN_UNUSED_FUNCTION = YES;
				GCC_WARN_UNUSED_VARIABLE = YES;
				INFOPLIST_FILE = "$(SRCROOT)/Sources/Info.plist";
				INSTALL_PATH = "$(LOCAL_LIBRARY_DIR)/Frameworks";
				LD_RUNPATH_SEARCH_PATHS = "$(inherited) @executable_path/../Frameworks @loader_path/Frameworks $(FRAMEWORK_SEARCH_PATHS)";
				MACOSX_DEPLOYMENT_TARGET = 10.10;
				MTL_ENABLE_DEBUG_INFO = YES;
				PRODUCT_BUNDLE_IDENTIFIER = "com.ym.OperantKit-macOS";
				PRODUCT_NAME = OperantKit;
				PROVISIONING_PROFILE_SPECIFIER = "";
				SKIP_INSTALL = YES;
				SUPPORTED_PLATFORMS = macosx;
				SWIFT_ACTIVE_COMPILATION_CONDITIONS = DEBUG;
				SWIFT_OPTIMIZATION_LEVEL = "-O";
				SWIFT_VERSION = 4.2;
				VERSIONING_SYSTEM = "apple-generic";
				VERSION_INFO_PREFIX = "";
			};
			name = Debug;
		};
		99334368212969E000744042 /* Release */ = {
			isa = XCBuildConfiguration;
			buildSettings = {
				ALWAYS_SEARCH_USER_PATHS = NO;
				CLANG_ANALYZER_NONNULL = YES;
				CLANG_ANALYZER_NUMBER_OBJECT_CONVERSION = YES_AGGRESSIVE;
				CLANG_CXX_LANGUAGE_STANDARD = "gnu++14";
				CLANG_CXX_LIBRARY = "libc++";
				CLANG_ENABLE_MODULES = YES;
				CLANG_ENABLE_OBJC_WEAK = YES;
				CLANG_WARN_BLOCK_CAPTURE_AUTORELEASING = YES;
				CLANG_WARN_BOOL_CONVERSION = YES;
				CLANG_WARN_COMMA = YES;
				CLANG_WARN_CONSTANT_CONVERSION = YES;
				CLANG_WARN_DEPRECATED_OBJC_IMPLEMENTATIONS = YES;
				CLANG_WARN_DIRECT_OBJC_ISA_USAGE = YES_ERROR;
				CLANG_WARN_DOCUMENTATION_COMMENTS = YES;
				CLANG_WARN_EMPTY_BODY = YES;
				CLANG_WARN_ENUM_CONVERSION = YES;
				CLANG_WARN_INFINITE_RECURSION = YES;
				CLANG_WARN_INT_CONVERSION = YES;
				CLANG_WARN_NON_LITERAL_NULL_CONVERSION = YES;
				CLANG_WARN_OBJC_IMPLICIT_RETAIN_SELF = YES;
				CLANG_WARN_OBJC_LITERAL_CONVERSION = YES;
				CLANG_WARN_OBJC_ROOT_CLASS = YES_ERROR;
				CLANG_WARN_RANGE_LOOP_ANALYSIS = YES;
				CLANG_WARN_STRICT_PROTOTYPES = YES;
				CLANG_WARN_SUSPICIOUS_MOVE = YES;
				CLANG_WARN_UNGUARDED_AVAILABILITY = YES_AGGRESSIVE;
				CLANG_WARN_UNREACHABLE_CODE = YES;
				CLANG_WARN__DUPLICATE_METHOD_MATCH = YES;
				CODE_SIGN_IDENTITY = "";
				CODE_SIGN_STYLE = Manual;
				COMBINE_HIDPI_IMAGES = YES;
				COPY_PHASE_STRIP = NO;
				CURRENT_PROJECT_VERSION = 1;
				DEFINES_MODULE = YES;
				DEVELOPMENT_TEAM = "";
				DYLIB_COMPATIBILITY_VERSION = 1;
				DYLIB_CURRENT_VERSION = 1;
				DYLIB_INSTALL_NAME_BASE = "@rpath";
				ENABLE_NS_ASSERTIONS = NO;
				ENABLE_STRICT_OBJC_MSGSEND = YES;
				FRAMEWORK_SEARCH_PATHS = (
					"$(inherited)",
					"$(PROJECT_DIR)/Carthage/Build/Mac",
				);
				FRAMEWORK_VERSION = A;
				GCC_C_LANGUAGE_STANDARD = gnu11;
				GCC_NO_COMMON_BLOCKS = YES;
				GCC_WARN_64_TO_32_BIT_CONVERSION = YES;
				GCC_WARN_ABOUT_RETURN_TYPE = YES_ERROR;
				GCC_WARN_UNDECLARED_SELECTOR = YES;
				GCC_WARN_UNINITIALIZED_AUTOS = YES_AGGRESSIVE;
				GCC_WARN_UNUSED_FUNCTION = YES;
				GCC_WARN_UNUSED_VARIABLE = YES;
				INFOPLIST_FILE = "$(SRCROOT)/Sources/Info.plist";
				INSTALL_PATH = "$(LOCAL_LIBRARY_DIR)/Frameworks";
				LD_RUNPATH_SEARCH_PATHS = "$(inherited) @executable_path/../Frameworks @loader_path/Frameworks $(FRAMEWORK_SEARCH_PATHS)";
				MACOSX_DEPLOYMENT_TARGET = 10.10;
				MTL_ENABLE_DEBUG_INFO = NO;
				PRODUCT_BUNDLE_IDENTIFIER = "com.ym.OperantKit-macOS";
				PRODUCT_NAME = OperantKit;
				PROVISIONING_PROFILE_SPECIFIER = "";
				SKIP_INSTALL = YES;
				SUPPORTED_PLATFORMS = macosx;
				SWIFT_OPTIMIZATION_LEVEL = "-O";
				SWIFT_VERSION = 4.2;
				VERSIONING_SYSTEM = "apple-generic";
				VERSION_INFO_PREFIX = "";
			};
			name = Release;
		};
		9933436A212969E000744042 /* Debug */ = {
			isa = XCBuildConfiguration;
			buildSettings = {
				ALWAYS_EMBED_SWIFT_STANDARD_LIBRARIES = YES;
				ALWAYS_SEARCH_USER_PATHS = NO;
				CLANG_ANALYZER_NONNULL = YES;
				CLANG_ANALYZER_NUMBER_OBJECT_CONVERSION = YES_AGGRESSIVE;
				CLANG_CXX_LANGUAGE_STANDARD = "gnu++14";
				CLANG_CXX_LIBRARY = "libc++";
				CLANG_ENABLE_MODULES = YES;
				CLANG_ENABLE_OBJC_WEAK = YES;
				CLANG_WARN_BLOCK_CAPTURE_AUTORELEASING = YES;
				CLANG_WARN_BOOL_CONVERSION = YES;
				CLANG_WARN_COMMA = YES;
				CLANG_WARN_CONSTANT_CONVERSION = YES;
				CLANG_WARN_DEPRECATED_OBJC_IMPLEMENTATIONS = YES;
				CLANG_WARN_DIRECT_OBJC_ISA_USAGE = YES_ERROR;
				CLANG_WARN_DOCUMENTATION_COMMENTS = YES;
				CLANG_WARN_EMPTY_BODY = YES;
				CLANG_WARN_ENUM_CONVERSION = YES;
				CLANG_WARN_INFINITE_RECURSION = YES;
				CLANG_WARN_INT_CONVERSION = YES;
				CLANG_WARN_NON_LITERAL_NULL_CONVERSION = YES;
				CLANG_WARN_OBJC_IMPLICIT_RETAIN_SELF = YES;
				CLANG_WARN_OBJC_LITERAL_CONVERSION = YES;
				CLANG_WARN_OBJC_ROOT_CLASS = YES_ERROR;
				CLANG_WARN_RANGE_LOOP_ANALYSIS = YES;
				CLANG_WARN_STRICT_PROTOTYPES = YES;
				CLANG_WARN_SUSPICIOUS_MOVE = YES;
				CLANG_WARN_UNGUARDED_AVAILABILITY = YES_AGGRESSIVE;
				CLANG_WARN_UNREACHABLE_CODE = YES;
				CLANG_WARN__DUPLICATE_METHOD_MATCH = YES;
				CODE_SIGN_IDENTITY = "";
				CODE_SIGN_STYLE = Manual;
				COMBINE_HIDPI_IMAGES = YES;
				DEVELOPMENT_TEAM = "";
				ENABLE_STRICT_OBJC_MSGSEND = YES;
				ENABLE_TESTABILITY = YES;
				FRAMEWORK_SEARCH_PATHS = (
					"$(inherited)",
					"$(PROJECT_DIR)/Carthage/Build/Mac",
				);
				GCC_C_LANGUAGE_STANDARD = gnu11;
				GCC_DYNAMIC_NO_PIC = NO;
				GCC_NO_COMMON_BLOCKS = YES;
				GCC_PREPROCESSOR_DEFINITIONS = (
					"DEBUG=1",
					"$(inherited)",
				);
				GCC_WARN_64_TO_32_BIT_CONVERSION = YES;
				GCC_WARN_ABOUT_RETURN_TYPE = YES_ERROR;
				GCC_WARN_UNDECLARED_SELECTOR = YES;
				GCC_WARN_UNINITIALIZED_AUTOS = YES_AGGRESSIVE;
				GCC_WARN_UNUSED_FUNCTION = YES;
				GCC_WARN_UNUSED_VARIABLE = YES;
				INFOPLIST_FILE = Tests/Info.plist;
				LD_RUNPATH_SEARCH_PATHS = "$(inherited) @executable_path/../Frameworks @loader_path/../Frameworks $(FRAMEWORK_SEARCH_PATHS)";
				MACOSX_DEPLOYMENT_TARGET = 10.13;
				MTL_ENABLE_DEBUG_INFO = YES;
				PRODUCT_BUNDLE_IDENTIFIER = "com.ym.OperantKit-macOSTests";
				PRODUCT_NAME = "$(TARGET_NAME)";
				PROVISIONING_PROFILE_SPECIFIER = "";
				SUPPORTED_PLATFORMS = macosx;
				SWIFT_ACTIVE_COMPILATION_CONDITIONS = DEBUG;
				SWIFT_VERSION = 4.2;
			};
			name = Debug;
		};
		9933436B212969E000744042 /* Release */ = {
			isa = XCBuildConfiguration;
			buildSettings = {
				ALWAYS_EMBED_SWIFT_STANDARD_LIBRARIES = YES;
				ALWAYS_SEARCH_USER_PATHS = NO;
				CLANG_ANALYZER_NONNULL = YES;
				CLANG_ANALYZER_NUMBER_OBJECT_CONVERSION = YES_AGGRESSIVE;
				CLANG_CXX_LANGUAGE_STANDARD = "gnu++14";
				CLANG_CXX_LIBRARY = "libc++";
				CLANG_ENABLE_MODULES = YES;
				CLANG_ENABLE_OBJC_WEAK = YES;
				CLANG_WARN_BLOCK_CAPTURE_AUTORELEASING = YES;
				CLANG_WARN_BOOL_CONVERSION = YES;
				CLANG_WARN_COMMA = YES;
				CLANG_WARN_CONSTANT_CONVERSION = YES;
				CLANG_WARN_DEPRECATED_OBJC_IMPLEMENTATIONS = YES;
				CLANG_WARN_DIRECT_OBJC_ISA_USAGE = YES_ERROR;
				CLANG_WARN_DOCUMENTATION_COMMENTS = YES;
				CLANG_WARN_EMPTY_BODY = YES;
				CLANG_WARN_ENUM_CONVERSION = YES;
				CLANG_WARN_INFINITE_RECURSION = YES;
				CLANG_WARN_INT_CONVERSION = YES;
				CLANG_WARN_NON_LITERAL_NULL_CONVERSION = YES;
				CLANG_WARN_OBJC_IMPLICIT_RETAIN_SELF = YES;
				CLANG_WARN_OBJC_LITERAL_CONVERSION = YES;
				CLANG_WARN_OBJC_ROOT_CLASS = YES_ERROR;
				CLANG_WARN_RANGE_LOOP_ANALYSIS = YES;
				CLANG_WARN_STRICT_PROTOTYPES = YES;
				CLANG_WARN_SUSPICIOUS_MOVE = YES;
				CLANG_WARN_UNGUARDED_AVAILABILITY = YES_AGGRESSIVE;
				CLANG_WARN_UNREACHABLE_CODE = YES;
				CLANG_WARN__DUPLICATE_METHOD_MATCH = YES;
				CODE_SIGN_IDENTITY = "";
				CODE_SIGN_STYLE = Manual;
				COMBINE_HIDPI_IMAGES = YES;
				COPY_PHASE_STRIP = NO;
				DEVELOPMENT_TEAM = "";
				ENABLE_NS_ASSERTIONS = NO;
				ENABLE_STRICT_OBJC_MSGSEND = YES;
				FRAMEWORK_SEARCH_PATHS = (
					"$(inherited)",
					"$(PROJECT_DIR)/Carthage/Build/Mac",
				);
				GCC_C_LANGUAGE_STANDARD = gnu11;
				GCC_NO_COMMON_BLOCKS = YES;
				GCC_WARN_64_TO_32_BIT_CONVERSION = YES;
				GCC_WARN_ABOUT_RETURN_TYPE = YES_ERROR;
				GCC_WARN_UNDECLARED_SELECTOR = YES;
				GCC_WARN_UNINITIALIZED_AUTOS = YES_AGGRESSIVE;
				GCC_WARN_UNUSED_FUNCTION = YES;
				GCC_WARN_UNUSED_VARIABLE = YES;
				INFOPLIST_FILE = Tests/Info.plist;
				LD_RUNPATH_SEARCH_PATHS = "$(inherited) @executable_path/../Frameworks @loader_path/../Frameworks $(FRAMEWORK_SEARCH_PATHS)";
				MACOSX_DEPLOYMENT_TARGET = 10.13;
				MTL_ENABLE_DEBUG_INFO = NO;
				PRODUCT_BUNDLE_IDENTIFIER = "com.ym.OperantKit-macOSTests";
				PRODUCT_NAME = "$(TARGET_NAME)";
				PROVISIONING_PROFILE_SPECIFIER = "";
				SUPPORTED_PLATFORMS = macosx;
				SWIFT_VERSION = 4.2;
			};
			name = Release;
		};
		OBJ_3 /* Debug */ = {
			isa = XCBuildConfiguration;
			buildSettings = {
				CLANG_ENABLE_OBJC_ARC = YES;
				CLANG_WARN_BLOCK_CAPTURE_AUTORELEASING = YES;
				CLANG_WARN_BOOL_CONVERSION = YES;
				CLANG_WARN_COMMA = YES;
				CLANG_WARN_CONSTANT_CONVERSION = YES;
				CLANG_WARN_DEPRECATED_OBJC_IMPLEMENTATIONS = YES;
				CLANG_WARN_EMPTY_BODY = YES;
				CLANG_WARN_ENUM_CONVERSION = YES;
				CLANG_WARN_INFINITE_RECURSION = YES;
				CLANG_WARN_INT_CONVERSION = YES;
				CLANG_WARN_NON_LITERAL_NULL_CONVERSION = YES;
				CLANG_WARN_OBJC_IMPLICIT_RETAIN_SELF = YES;
				CLANG_WARN_OBJC_LITERAL_CONVERSION = YES;
				CLANG_WARN_RANGE_LOOP_ANALYSIS = YES;
				CLANG_WARN_STRICT_PROTOTYPES = YES;
				CLANG_WARN_SUSPICIOUS_MOVE = YES;
				CLANG_WARN_UNREACHABLE_CODE = YES;
				CLANG_WARN__DUPLICATE_METHOD_MATCH = YES;
				COMBINE_HIDPI_IMAGES = YES;
				COPY_PHASE_STRIP = NO;
				DEBUG_INFORMATION_FORMAT = dwarf;
				DYLIB_INSTALL_NAME_BASE = "@rpath";
				ENABLE_NS_ASSERTIONS = YES;
				ENABLE_STRICT_OBJC_MSGSEND = YES;
				ENABLE_TESTABILITY = YES;
				GCC_NO_COMMON_BLOCKS = YES;
				GCC_OPTIMIZATION_LEVEL = fast;
				GCC_WARN_64_TO_32_BIT_CONVERSION = YES;
				GCC_WARN_ABOUT_RETURN_TYPE = YES;
				GCC_WARN_UNDECLARED_SELECTOR = YES;
				GCC_WARN_UNINITIALIZED_AUTOS = YES;
				GCC_WARN_UNUSED_FUNCTION = YES;
				GCC_WARN_UNUSED_VARIABLE = YES;
				MACOSX_DEPLOYMENT_TARGET = 10.10;
				ONLY_ACTIVE_ARCH = YES;
				OTHER_SWIFT_FLAGS = "-DXcode";
				PRODUCT_NAME = "$(TARGET_NAME)";
				SDKROOT = macosx;
				SUPPORTED_PLATFORMS = "macosx iphoneos iphonesimulator appletvos appletvsimulator watchos watchsimulator";
				SWIFT_ACTIVE_COMPILATION_CONDITIONS = SWIFT_PACKAGE;
				SWIFT_OPTIMIZATION_LEVEL = "-O";
				USE_HEADERMAP = NO;
			};
			name = Debug;
		};
		OBJ_4 /* Release */ = {
			isa = XCBuildConfiguration;
			buildSettings = {
				CLANG_ENABLE_OBJC_ARC = YES;
				CLANG_WARN_BLOCK_CAPTURE_AUTORELEASING = YES;
				CLANG_WARN_BOOL_CONVERSION = YES;
				CLANG_WARN_COMMA = YES;
				CLANG_WARN_CONSTANT_CONVERSION = YES;
				CLANG_WARN_DEPRECATED_OBJC_IMPLEMENTATIONS = YES;
				CLANG_WARN_EMPTY_BODY = YES;
				CLANG_WARN_ENUM_CONVERSION = YES;
				CLANG_WARN_INFINITE_RECURSION = YES;
				CLANG_WARN_INT_CONVERSION = YES;
				CLANG_WARN_NON_LITERAL_NULL_CONVERSION = YES;
				CLANG_WARN_OBJC_IMPLICIT_RETAIN_SELF = YES;
				CLANG_WARN_OBJC_LITERAL_CONVERSION = YES;
				CLANG_WARN_RANGE_LOOP_ANALYSIS = YES;
				CLANG_WARN_STRICT_PROTOTYPES = YES;
				CLANG_WARN_SUSPICIOUS_MOVE = YES;
				CLANG_WARN_UNREACHABLE_CODE = YES;
				CLANG_WARN__DUPLICATE_METHOD_MATCH = YES;
				COMBINE_HIDPI_IMAGES = YES;
				COPY_PHASE_STRIP = YES;
				DEBUG_INFORMATION_FORMAT = "dwarf-with-dsym";
				DYLIB_INSTALL_NAME_BASE = "@rpath";
				ENABLE_STRICT_OBJC_MSGSEND = YES;
				GCC_NO_COMMON_BLOCKS = YES;
				GCC_OPTIMIZATION_LEVEL = fast;
				GCC_WARN_64_TO_32_BIT_CONVERSION = YES;
				GCC_WARN_ABOUT_RETURN_TYPE = YES;
				GCC_WARN_UNDECLARED_SELECTOR = YES;
				GCC_WARN_UNINITIALIZED_AUTOS = YES;
				GCC_WARN_UNUSED_FUNCTION = YES;
				GCC_WARN_UNUSED_VARIABLE = YES;
				MACOSX_DEPLOYMENT_TARGET = 10.10;
				OTHER_SWIFT_FLAGS = "-DXcode";
				PRODUCT_NAME = "$(TARGET_NAME)";
				SDKROOT = macosx;
				SUPPORTED_PLATFORMS = "macosx iphoneos iphonesimulator appletvos appletvsimulator watchos watchsimulator";
				SWIFT_ACTIVE_COMPILATION_CONDITIONS = SWIFT_PACKAGE;
				SWIFT_OPTIMIZATION_LEVEL = "-Owholemodule";
				USE_HEADERMAP = NO;
			};
			name = Release;
		};
/* End XCBuildConfiguration section */

/* Begin XCConfigurationList section */
		9933434A212969BA00744042 /* Build configuration list for PBXNativeTarget "OperantKit iOS" */ = {
			isa = XCConfigurationList;
			buildConfigurations = (
				9933434B212969BA00744042 /* Debug */,
				9933434C212969BA00744042 /* Release */,
			);
			defaultConfigurationIsVisible = 0;
			defaultConfigurationName = Release;
		};
		9933434D212969BA00744042 /* Build configuration list for PBXNativeTarget "OperantKit iOSTests" */ = {
			isa = XCConfigurationList;
			buildConfigurations = (
				9933434E212969BA00744042 /* Debug */,
				9933434F212969BA00744042 /* Release */,
			);
			defaultConfigurationIsVisible = 0;
			defaultConfigurationName = Release;
		};
		99334366212969E000744042 /* Build configuration list for PBXNativeTarget "OperantKit macOS" */ = {
			isa = XCConfigurationList;
			buildConfigurations = (
				99334367212969E000744042 /* Debug */,
				99334368212969E000744042 /* Release */,
			);
			defaultConfigurationIsVisible = 0;
			defaultConfigurationName = Release;
		};
		99334369212969E000744042 /* Build configuration list for PBXNativeTarget "OperantKit macOSTests" */ = {
			isa = XCConfigurationList;
			buildConfigurations = (
				9933436A212969E000744042 /* Debug */,
				9933436B212969E000744042 /* Release */,
			);
			defaultConfigurationIsVisible = 0;
			defaultConfigurationName = Release;
		};
		OBJ_2 /* Build configuration list for PBXProject "OperantKit" */ = {
			isa = XCConfigurationList;
			buildConfigurations = (
				OBJ_3 /* Debug */,
				OBJ_4 /* Release */,
			);
			defaultConfigurationIsVisible = 0;
			defaultConfigurationName = Release;
		};
/* End XCConfigurationList section */
	};
	rootObject = OBJ_1 /* Project object */;
}
