{
  "object": {
    "pins": [
      {
        "package": "OperantKit",
        "repositoryURL": "https://github.com/YutoMizutani/OperantKit.git",
        "state": {
          "branch": null,
          "revision": "46c2cbed51f89b8fa5ea95f0bed299aca4f86857",
          "version": "0.0.27"
        }
      },
      {
        "package": "RxSwift",
        "repositoryURL": "https://github.com/ReactiveX/RxSwift.git",
        "state": {
          "branch": null,
          "revision": "e8aa1d892a0d8a153a28b74cbad25be534926f49",
          "version": "4.4.0"
        }
      }
    ]
  },
  "version": 1
}
