{
  "object": {
    "pins": [
      {
        "package": "OperantKit",
        "repositoryURL": "https://github.com/YutoMizutani/OperantKit.git",
        "state": {
          "branch": null,
          "revision": "3d785a95ad4b3d008ae5686a8b62f0f1c8a19616",
          "version": "0.0.16"
        }
      },
      {
        "package": "RxSwift",
        "repositoryURL": "https://github.com/ReactiveX/RxSwift.git",
        "state": {
          "branch": null,
          "revision": "e8aa1d892a0d8a153a28b74cbad25be534926f49",
          "version": "4.4.0"
        }
      }
    ]
  },
  "version": 1
}
