{
  "object": {
    "pins": [
      {
        "package": "OperantKit",
        "repositoryURL": "https://github.com/YutoMizutani/OperantKit.git",
        "state": {
          "branch": null,
          "revision": "8e58b6c26e102cfcaa8fa628b364077b8c4a403c",
          "version": "0.0.19"
        }
      },
      {
        "package": "RxSwift",
        "repositoryURL": "https://github.com/ReactiveX/RxSwift.git",
        "state": {
          "branch": null,
          "revision": "e8aa1d892a0d8a153a28b74cbad25be534926f49",
          "version": "4.4.0"
        }
      }
    ]
  },
  "version": 1
}
