{
  "object": {
    "pins": [
      {
        "package": "OperantKit",
        "repositoryURL": "https://github.com/YutoMizutani/OperantKit.git",
        "state": {
          "branch": null,
          "revision": "8ddc18b1c2ee75835a8a6df5a2699148ab404275",
          "version": "0.0.25"
        }
      },
      {
        "package": "RxSwift",
        "repositoryURL": "https://github.com/ReactiveX/RxSwift.git",
        "state": {
          "branch": null,
          "revision": "e8aa1d892a0d8a153a28b74cbad25be534926f49",
          "version": "4.4.0"
        }
      }
    ]
  },
  "version": 1
}
